Microsoft Visual Studio Solution File, Format Version 12.00
# Visual Studio 14
VisualStudioVersion = 14.0.24720.0
MinimumVisualStudioVersion = 10.0.40219.1
Project("{2150E333-8FDC-42A3-9474-1A3956D46DE8}") = "dedicated", "dedicated", "{3FC858CB-4888-42FF-ABC5-82DAECB59C2C}"
EndProject
Project("{2150E333-8FDC-42A3-9474-1A3956D46DE8}") = "3rd party", "3rd party", "{2BFC806B-CE92-4EA4-8FE8-5F2EA54BA348}"
EndProject
Project("{8BC9CEB8-8B4A-11D0-8D11-00A0C91BC942}") = "XR_3DA", "xr_3da\XR_3DA.vcxproj", "{2578C6D8-660D-48AE-9322-7422F8664F06}"
	ProjectSection(ProjectDependencies) = postProject
		{6FDBCDB3-D190-486D-BDAC-3C4AC527DA3B} = {6FDBCDB3-D190-486D-BDAC-3C4AC527DA3B}
	EndProjectSection
EndProject
Project("{8BC9CEB8-8B4A-11D0-8D11-00A0C91BC942}") = "xrGame", "xr_3da\xrGame\xrGame.vcxproj", "{200652A6-043E-4634-8837-87983B3BD5E0}"
	ProjectSection(ProjectDependencies) = postProject
		{6FDBCDB3-D190-486D-BDAC-3C4AC527DA3B} = {6FDBCDB3-D190-486D-BDAC-3C4AC527DA3B}
	EndProjectSection
EndProject
Project("{8BC9CEB8-8B4A-11D0-8D11-00A0C91BC942}") = "xrSound", "xrSound\xrSound.vcxproj", "{CCCA7859-EB86-493E-9B53-C4235F45B3C5}"
EndProject
Project("{8BC9CEB8-8B4A-11D0-8D11-00A0C91BC942}") = "xrCore", "xrCore\xrCore.vcxproj", "{A0F7D1FB-59A7-4717-A7E4-96F37E91998E}"
EndProject
Project("{8BC9CEB8-8B4A-11D0-8D11-00A0C91BC942}") = "xrCDB", "xrCDB\xrCDB.vcxproj", "{A19B1DF2-82EC-4364-8BDF-85D13A1C89B5}"
EndProject
Project("{8BC9CEB8-8B4A-11D0-8D11-00A0C91BC942}") = "xrRender_R1", "xr_3da\xrRender_R1\xrRender_R1.vcxproj", "{57A498C9-A741-4DDF-8EFC-BFB9EB6B00E2}"
	ProjectSection(ProjectDependencies) = postProject
		{6FDBCDB3-D190-486D-BDAC-3C4AC527DA3B} = {6FDBCDB3-D190-486D-BDAC-3C4AC527DA3B}
	EndProjectSection
EndProject
Project("{8BC9CEB8-8B4A-11D0-8D11-00A0C91BC942}") = "xrRender_R2", "xr_3da\xrRender_R2\xrRender_R2.vcxproj", "{963BA4E5-499A-454D-B002-1D5ECE0527A6}"
	ProjectSection(ProjectDependencies) = postProject
		{6FDBCDB3-D190-486D-BDAC-3C4AC527DA3B} = {6FDBCDB3-D190-486D-BDAC-3C4AC527DA3B}
	EndProjectSection
EndProject
Project("{8BC9CEB8-8B4A-11D0-8D11-00A0C91BC942}") = "xrXMLParser", "xrXMLParser\xrXMLParser.vcxproj", "{94A1C366-3D19-48E6-8170-4ADC2E70DF98}"
EndProject
Project("{8BC9CEB8-8B4A-11D0-8D11-00A0C91BC942}") = "ode", "xrODE\contrib\msvc7\ode_default\default.vcxproj", "{1BF75FEB-87DD-486C-880B-227987D191C2}"
EndProject
Project("{8BC9CEB8-8B4A-11D0-8D11-00A0C91BC942}") = "xrParticles", "xrParticles\xrParticles.vcxproj", "{94A1C366-3D19-48E6-8170-4ADC2E70DF97}"
EndProject
Project("{8BC9CEB8-8B4A-11D0-8D11-00A0C91BC942}") = "xrNetServer", "xrNetServer\xrNetServer.vcxproj", "{435BAC9A-B225-457D-AB40-C9BD0CC8838C}"
EndProject
Project("{8BC9CEB8-8B4A-11D0-8D11-00A0C91BC942}") = "xrD3D9-Null", "xr_3da\xrGame\xrD3D9-Null\xrD3D9-Null.vcxproj", "{0899B131-F1D4-4876-9BA1-67AC821DB9E1}"
EndProject
Project("{8BC9CEB8-8B4A-11D0-8D11-00A0C91BC942}") = "xrGameSpy", "xr_3da\xrGame\xrGameSpy\xrGameSpy.vcxproj", "{5535F6B4-7AE6-4B66-8AEA-CC31C14D7AB7}"
EndProject
Project("{8BC9CEB8-8B4A-11D0-8D11-00A0C91BC942}") = "libogg_static", "..\3rd party\Xiph\libogg\win32\VS2010\libogg_static.vcxproj", "{15CBFEFF-7965-41F5-B4E2-21E8795C9159}"
EndProject
Project("{8BC9CEB8-8B4A-11D0-8D11-00A0C91BC942}") = "libvorbis_static", "..\3rd party\Xiph\libvorbis\win32\VS2010\libvorbis\libvorbis_static.vcxproj", "{3A214E06-B95E-4D61-A291-1F8DF2EC10FD}"
EndProject
Project("{8BC9CEB8-8B4A-11D0-8D11-00A0C91BC942}") = "libvorbisfile", "..\3rd party\Xiph\libvorbis\win32\VS2010\libvorbisfile\libvorbisfile_static.vcxproj", "{CEBDE98B-A6AA-46E6-BC79-FAAF823DB9EC}"
EndProject
Project("{8BC9CEB8-8B4A-11D0-8D11-00A0C91BC942}") = "libtheora_static", "..\3rd party\Xiph\libtheora\win32\VS2010\libtheora_static.vcxproj", "{653F3841-3F26-49B9-AFCF-091DB4B67031}"
EndProject
Project("{2150E333-8FDC-42A3-9474-1A3956D46DE8}") = "Lua", "Lua", "{EF293583-AFED-4761-A72D-04F8BF122434}"
EndProject
Project("{8BC9CEB8-8B4A-11D0-8D11-00A0C91BC942}") = "Luabind", "Luabind\Luabind.vcxproj", "{6FDBCDB3-D190-486D-BDAC-3C4AC527DA3B}"
	ProjectSection(ProjectDependencies) = postProject
		{A0F7D1FB-59A7-4717-A7E4-96F37E91998E} = {A0F7D1FB-59A7-4717-A7E4-96F37E91998E}
	EndProjectSection
EndProject
Project("{2150E333-8FDC-42A3-9474-1A3956D46DE8}") = "Game", "Game", "{8505CB82-64C6-46C9-9430-999207282D56}"
EndProject
Project("{8BC9CEB8-8B4A-11D0-8D11-00A0C91BC942}") = "OpenAL32", "..\3rd party\OpenAL\OpenAL-Windows\OpenAL32\OpenAL32.vcxproj", "{DC6C7281-068A-4BEC-8A37-6613198345F5}"
EndProject
Project("{8BC9CEB8-8B4A-11D0-8D11-00A0C91BC942}") = "ALc", "..\3rd party\OpenAL\OpenAL-Windows\Alc\ALc.vcxproj", "{9E16DFA7-61EB-45D9-97A1-B590A3C5FCA1}"
EndProject
Project("{8BC9CEB8-8B4A-11D0-8D11-00A0C91BC942}") = "ALu", "..\3rd party\OpenAL\OpenAL-Windows\Alu\ALu.vcxproj", "{DEA4F3E4-75DB-4C78-947C-40BB7FFD3B44}"
EndProject
Project("{8BC9CEB8-8B4A-11D0-8D11-00A0C91BC942}") = "Router", "..\3rd party\OpenAL\OpenAL-Windows\Router\Router.vcxproj", "{ED1DE89D-A3E6-4FEE-ABC7-E1B2E3EB8013}"
EndProject
Project("{2150E333-8FDC-42A3-9474-1A3956D46DE8}") = "OpenAL", "OpenAL", "{E9EDAF7D-3677-43E4-B77F-7165E93937CA}"
EndProject
Project("{8BC9CEB8-8B4A-11D0-8D11-00A0C91BC942}") = "Lua", "Lua\Lua.vcxproj", "{94BE3D19-23D3-4D15-8B5C-41193885648C}"
EndProject
Global
	GlobalSection(SolutionConfigurationPlatforms) = preSolution
		Debug_Dedicated|Win32 = Debug_Dedicated|Win32
		Debug_Dedicated|x64 = Debug_Dedicated|x64
		Debug|Win32 = Debug|Win32
		Debug|x64 = Debug|x64
		Mixed_Dedicated|Win32 = Mixed_Dedicated|Win32
		Mixed_Dedicated|x64 = Mixed_Dedicated|x64
		Mixed|Win32 = Mixed|Win32
		Mixed|x64 = Mixed|x64
		Release_Dedicated|Win32 = Release_Dedicated|Win32
		Release_Dedicated|x64 = Release_Dedicated|x64
		Release|Win32 = Release|Win32
		Release|x64 = Release|x64
		Test_Clang|Win32 = Test_Clang|Win32
		Test_Clang|x64 = Test_Clang|x64
		Unicode Debug|Win32 = Unicode Debug|Win32
		Unicode Debug|x64 = Unicode Debug|x64
		Unicode Release|Win32 = Unicode Release|Win32
		Unicode Release|x64 = Unicode Release|x64
	EndGlobalSection
	GlobalSection(ProjectConfigurationPlatforms) = postSolution
		{2578C6D8-660D-48AE-9322-7422F8664F06}.Debug_Dedicated|Win32.ActiveCfg = Debug_Dedicated|Win32
		{2578C6D8-660D-48AE-9322-7422F8664F06}.Debug_Dedicated|Win32.Build.0 = Debug_Dedicated|Win32
		{2578C6D8-660D-48AE-9322-7422F8664F06}.Debug_Dedicated|x64.ActiveCfg = Debug_Dedicated|x64
		{2578C6D8-660D-48AE-9322-7422F8664F06}.Debug_Dedicated|x64.Build.0 = Debug_Dedicated|x64
		{2578C6D8-660D-48AE-9322-7422F8664F06}.Debug|Win32.ActiveCfg = Debug|Win32
		{2578C6D8-660D-48AE-9322-7422F8664F06}.Debug|Win32.Build.0 = Debug|Win32
		{2578C6D8-660D-48AE-9322-7422F8664F06}.Debug|x64.ActiveCfg = Debug|x64
		{2578C6D8-660D-48AE-9322-7422F8664F06}.Debug|x64.Build.0 = Debug|x64
		{2578C6D8-660D-48AE-9322-7422F8664F06}.Mixed_Dedicated|Win32.ActiveCfg = Mixed_Dedicated|Win32
		{2578C6D8-660D-48AE-9322-7422F8664F06}.Mixed_Dedicated|Win32.Build.0 = Mixed_Dedicated|Win32
		{2578C6D8-660D-48AE-9322-7422F8664F06}.Mixed_Dedicated|x64.ActiveCfg = Mixed_Dedicated|x64
		{2578C6D8-660D-48AE-9322-7422F8664F06}.Mixed_Dedicated|x64.Build.0 = Mixed_Dedicated|x64
		{2578C6D8-660D-48AE-9322-7422F8664F06}.Mixed|Win32.ActiveCfg = Mixed|Win32
		{2578C6D8-660D-48AE-9322-7422F8664F06}.Mixed|Win32.Build.0 = Mixed|Win32
		{2578C6D8-660D-48AE-9322-7422F8664F06}.Mixed|x64.ActiveCfg = Mixed|x64
		{2578C6D8-660D-48AE-9322-7422F8664F06}.Mixed|x64.Build.0 = Mixed|x64
		{2578C6D8-660D-48AE-9322-7422F8664F06}.Release_Dedicated|Win32.ActiveCfg = Release_Dedicated|Win32
		{2578C6D8-660D-48AE-9322-7422F8664F06}.Release_Dedicated|Win32.Build.0 = Release_Dedicated|Win32
		{2578C6D8-660D-48AE-9322-7422F8664F06}.Release_Dedicated|x64.ActiveCfg = Release_Dedicated|x64
		{2578C6D8-660D-48AE-9322-7422F8664F06}.Release_Dedicated|x64.Build.0 = Release_Dedicated|x64
		{2578C6D8-660D-48AE-9322-7422F8664F06}.Release|Win32.ActiveCfg = Release|Win32
		{2578C6D8-660D-48AE-9322-7422F8664F06}.Release|Win32.Build.0 = Release|Win32
		{2578C6D8-660D-48AE-9322-7422F8664F06}.Release|x64.ActiveCfg = Release|x64
		{2578C6D8-660D-48AE-9322-7422F8664F06}.Test_Clang|Win32.ActiveCfg = Test_Clang|Win32
		{2578C6D8-660D-48AE-9322-7422F8664F06}.Test_Clang|Win32.Build.0 = Test_Clang|Win32
		{2578C6D8-660D-48AE-9322-7422F8664F06}.Test_Clang|x64.ActiveCfg = Test_Clang|x64
		{2578C6D8-660D-48AE-9322-7422F8664F06}.Test_Clang|x64.Build.0 = Test_Clang|x64
		{2578C6D8-660D-48AE-9322-7422F8664F06}.Unicode Debug|Win32.ActiveCfg = Debug|Win32
		{2578C6D8-660D-48AE-9322-7422F8664F06}.Unicode Debug|Win32.Build.0 = Debug|Win32
		{2578C6D8-660D-48AE-9322-7422F8664F06}.Unicode Debug|x64.ActiveCfg = Debug|x64
		{2578C6D8-660D-48AE-9322-7422F8664F06}.Unicode Debug|x64.Build.0 = Debug|x64
		{2578C6D8-660D-48AE-9322-7422F8664F06}.Unicode Release|Win32.ActiveCfg = Release|Win32
		{2578C6D8-660D-48AE-9322-7422F8664F06}.Unicode Release|Win32.Build.0 = Release|Win32
		{2578C6D8-660D-48AE-9322-7422F8664F06}.Unicode Release|x64.ActiveCfg = Release|x64
		{2578C6D8-660D-48AE-9322-7422F8664F06}.Unicode Release|x64.Build.0 = Release|x64
		{200652A6-043E-4634-8837-87983B3BD5E0}.Debug_Dedicated|Win32.ActiveCfg = Debug|Win32
		{200652A6-043E-4634-8837-87983B3BD5E0}.Debug_Dedicated|x64.ActiveCfg = Template|x64
		{200652A6-043E-4634-8837-87983B3BD5E0}.Debug_Dedicated|x64.Build.0 = Debug_Priquel|x64
		{200652A6-043E-4634-8837-87983B3BD5E0}.Debug|Win32.ActiveCfg = Debug|Win32
		{200652A6-043E-4634-8837-87983B3BD5E0}.Debug|Win32.Build.0 = Debug|Win32
		{200652A6-043E-4634-8837-87983B3BD5E0}.Debug|x64.ActiveCfg = Debug|x64
		{200652A6-043E-4634-8837-87983B3BD5E0}.Debug|x64.Build.0 = Debug|x64
		{200652A6-043E-4634-8837-87983B3BD5E0}.Mixed_Dedicated|Win32.ActiveCfg = Mixed|Win32
		{200652A6-043E-4634-8837-87983B3BD5E0}.Mixed_Dedicated|x64.ActiveCfg = Mixed_Priquel|x64
		{200652A6-043E-4634-8837-87983B3BD5E0}.Mixed_Dedicated|x64.Build.0 = Mixed_Priquel|x64
		{200652A6-043E-4634-8837-87983B3BD5E0}.Mixed|Win32.ActiveCfg = Debug|Win32
		{200652A6-043E-4634-8837-87983B3BD5E0}.Mixed|Win32.Build.0 = Debug|Win32
		{200652A6-043E-4634-8837-87983B3BD5E0}.Mixed|x64.ActiveCfg = Mixed|x64
		{200652A6-043E-4634-8837-87983B3BD5E0}.Mixed|x64.Build.0 = Mixed|x64
		{200652A6-043E-4634-8837-87983B3BD5E0}.Release_Dedicated|Win32.ActiveCfg = Release|Win32
		{200652A6-043E-4634-8837-87983B3BD5E0}.Release_Dedicated|x64.ActiveCfg = Release_Priquel|x64
		{200652A6-043E-4634-8837-87983B3BD5E0}.Release_Dedicated|x64.Build.0 = Release_Priquel|x64
		{200652A6-043E-4634-8837-87983B3BD5E0}.Release|Win32.ActiveCfg = Release|Win32
		{200652A6-043E-4634-8837-87983B3BD5E0}.Release|Win32.Build.0 = Release|Win32
		{200652A6-043E-4634-8837-87983B3BD5E0}.Release|x64.ActiveCfg = Release|x64
		{200652A6-043E-4634-8837-87983B3BD5E0}.Test_Clang|Win32.ActiveCfg = Test_Clang|Win32
		{200652A6-043E-4634-8837-87983B3BD5E0}.Test_Clang|Win32.Build.0 = Test_Clang|Win32
		{200652A6-043E-4634-8837-87983B3BD5E0}.Test_Clang|x64.ActiveCfg = Test_Clang|x64
		{200652A6-043E-4634-8837-87983B3BD5E0}.Test_Clang|x64.Build.0 = Test_Clang|x64
		{200652A6-043E-4634-8837-87983B3BD5E0}.Unicode Debug|Win32.ActiveCfg = Debug|Win32
		{200652A6-043E-4634-8837-87983B3BD5E0}.Unicode Debug|Win32.Build.0 = Debug|Win32
		{200652A6-043E-4634-8837-87983B3BD5E0}.Unicode Debug|x64.ActiveCfg = Debug|x64
		{200652A6-043E-4634-8837-87983B3BD5E0}.Unicode Debug|x64.Build.0 = Debug|x64
		{200652A6-043E-4634-8837-87983B3BD5E0}.Unicode Release|Win32.ActiveCfg = Release|Win32
		{200652A6-043E-4634-8837-87983B3BD5E0}.Unicode Release|Win32.Build.0 = Release|Win32
		{200652A6-043E-4634-8837-87983B3BD5E0}.Unicode Release|x64.ActiveCfg = Release|x64
		{200652A6-043E-4634-8837-87983B3BD5E0}.Unicode Release|x64.Build.0 = Release|x64
		{CCCA7859-EB86-493E-9B53-C4235F45B3C5}.Debug_Dedicated|Win32.ActiveCfg = Debug|Win32
		{CCCA7859-EB86-493E-9B53-C4235F45B3C5}.Debug_Dedicated|x64.ActiveCfg = Template|x64
		{CCCA7859-EB86-493E-9B53-C4235F45B3C5}.Debug_Dedicated|x64.Build.0 = Debug|x64
		{CCCA7859-EB86-493E-9B53-C4235F45B3C5}.Debug|Win32.ActiveCfg = Debug|Win32
		{CCCA7859-EB86-493E-9B53-C4235F45B3C5}.Debug|Win32.Build.0 = Debug|Win32
		{CCCA7859-EB86-493E-9B53-C4235F45B3C5}.Debug|x64.ActiveCfg = Debug|x64
		{CCCA7859-EB86-493E-9B53-C4235F45B3C5}.Debug|x64.Build.0 = Debug|x64
		{CCCA7859-EB86-493E-9B53-C4235F45B3C5}.Mixed_Dedicated|Win32.ActiveCfg = Mixed|Win32
		{CCCA7859-EB86-493E-9B53-C4235F45B3C5}.Mixed_Dedicated|x64.ActiveCfg = Mixed|x64
		{CCCA7859-EB86-493E-9B53-C4235F45B3C5}.Mixed_Dedicated|x64.Build.0 = Mixed|x64
		{CCCA7859-EB86-493E-9B53-C4235F45B3C5}.Mixed|Win32.ActiveCfg = Mixed|Win32
		{CCCA7859-EB86-493E-9B53-C4235F45B3C5}.Mixed|Win32.Build.0 = Mixed|Win32
		{CCCA7859-EB86-493E-9B53-C4235F45B3C5}.Mixed|x64.ActiveCfg = Mixed|x64
		{CCCA7859-EB86-493E-9B53-C4235F45B3C5}.Mixed|x64.Build.0 = Mixed|x64
		{CCCA7859-EB86-493E-9B53-C4235F45B3C5}.Release_Dedicated|Win32.ActiveCfg = Release|Win32
		{CCCA7859-EB86-493E-9B53-C4235F45B3C5}.Release_Dedicated|x64.ActiveCfg = Release|x64
		{CCCA7859-EB86-493E-9B53-C4235F45B3C5}.Release_Dedicated|x64.Build.0 = Release|x64
		{CCCA7859-EB86-493E-9B53-C4235F45B3C5}.Release|Win32.ActiveCfg = Release|Win32
		{CCCA7859-EB86-493E-9B53-C4235F45B3C5}.Release|Win32.Build.0 = Release|Win32
		{CCCA7859-EB86-493E-9B53-C4235F45B3C5}.Release|x64.ActiveCfg = Release|x64
		{CCCA7859-EB86-493E-9B53-C4235F45B3C5}.Test_Clang|Win32.ActiveCfg = Test_Clang|Win32
		{CCCA7859-EB86-493E-9B53-C4235F45B3C5}.Test_Clang|Win32.Build.0 = Test_Clang|Win32
		{CCCA7859-EB86-493E-9B53-C4235F45B3C5}.Test_Clang|x64.ActiveCfg = Test_Clang|x64
		{CCCA7859-EB86-493E-9B53-C4235F45B3C5}.Test_Clang|x64.Build.0 = Test_Clang|x64
		{CCCA7859-EB86-493E-9B53-C4235F45B3C5}.Unicode Debug|Win32.ActiveCfg = Debug|Win32
		{CCCA7859-EB86-493E-9B53-C4235F45B3C5}.Unicode Debug|Win32.Build.0 = Debug|Win32
		{CCCA7859-EB86-493E-9B53-C4235F45B3C5}.Unicode Debug|x64.ActiveCfg = Debug|x64
		{CCCA7859-EB86-493E-9B53-C4235F45B3C5}.Unicode Debug|x64.Build.0 = Debug|x64
		{CCCA7859-EB86-493E-9B53-C4235F45B3C5}.Unicode Release|Win32.ActiveCfg = Release|Win32
		{CCCA7859-EB86-493E-9B53-C4235F45B3C5}.Unicode Release|Win32.Build.0 = Release|Win32
		{CCCA7859-EB86-493E-9B53-C4235F45B3C5}.Unicode Release|x64.ActiveCfg = Release|x64
		{CCCA7859-EB86-493E-9B53-C4235F45B3C5}.Unicode Release|x64.Build.0 = Release|x64
		{A0F7D1FB-59A7-4717-A7E4-96F37E91998E}.Debug_Dedicated|Win32.ActiveCfg = Debug|Win32
		{A0F7D1FB-59A7-4717-A7E4-96F37E91998E}.Debug_Dedicated|x64.ActiveCfg = Template|x64
		{A0F7D1FB-59A7-4717-A7E4-96F37E91998E}.Debug_Dedicated|x64.Build.0 = Debug|x64
		{A0F7D1FB-59A7-4717-A7E4-96F37E91998E}.Debug|Win32.ActiveCfg = Debug|Win32
		{A0F7D1FB-59A7-4717-A7E4-96F37E91998E}.Debug|Win32.Build.0 = Debug|Win32
		{A0F7D1FB-59A7-4717-A7E4-96F37E91998E}.Debug|x64.ActiveCfg = Debug|x64
		{A0F7D1FB-59A7-4717-A7E4-96F37E91998E}.Debug|x64.Build.0 = Debug|x64
		{A0F7D1FB-59A7-4717-A7E4-96F37E91998E}.Mixed_Dedicated|Win32.ActiveCfg = Mixed|Win32
		{A0F7D1FB-59A7-4717-A7E4-96F37E91998E}.Mixed_Dedicated|x64.ActiveCfg = Mixed|x64
		{A0F7D1FB-59A7-4717-A7E4-96F37E91998E}.Mixed_Dedicated|x64.Build.0 = Mixed|x64
		{A0F7D1FB-59A7-4717-A7E4-96F37E91998E}.Mixed|Win32.ActiveCfg = Mixed|Win32
		{A0F7D1FB-59A7-4717-A7E4-96F37E91998E}.Mixed|Win32.Build.0 = Mixed|Win32
		{A0F7D1FB-59A7-4717-A7E4-96F37E91998E}.Mixed|x64.ActiveCfg = Mixed|x64
		{A0F7D1FB-59A7-4717-A7E4-96F37E91998E}.Mixed|x64.Build.0 = Mixed|x64
		{A0F7D1FB-59A7-4717-A7E4-96F37E91998E}.Release_Dedicated|Win32.ActiveCfg = Release|Win32
		{A0F7D1FB-59A7-4717-A7E4-96F37E91998E}.Release_Dedicated|x64.ActiveCfg = Release|x64
		{A0F7D1FB-59A7-4717-A7E4-96F37E91998E}.Release_Dedicated|x64.Build.0 = Release|x64
		{A0F7D1FB-59A7-4717-A7E4-96F37E91998E}.Release|Win32.ActiveCfg = Release|Win32
		{A0F7D1FB-59A7-4717-A7E4-96F37E91998E}.Release|Win32.Build.0 = Release|Win32
		{A0F7D1FB-59A7-4717-A7E4-96F37E91998E}.Release|x64.ActiveCfg = Release|x64
		{A0F7D1FB-59A7-4717-A7E4-96F37E91998E}.Release|x64.Build.0 = Release|x64
		{A0F7D1FB-59A7-4717-A7E4-96F37E91998E}.Test_Clang|Win32.ActiveCfg = Test_Clang|Win32
		{A0F7D1FB-59A7-4717-A7E4-96F37E91998E}.Test_Clang|Win32.Build.0 = Test_Clang|Win32
		{A0F7D1FB-59A7-4717-A7E4-96F37E91998E}.Test_Clang|x64.ActiveCfg = Test_Clang|x64
		{A0F7D1FB-59A7-4717-A7E4-96F37E91998E}.Test_Clang|x64.Build.0 = Test_Clang|x64
		{A0F7D1FB-59A7-4717-A7E4-96F37E91998E}.Unicode Debug|Win32.ActiveCfg = Debug|Win32
		{A0F7D1FB-59A7-4717-A7E4-96F37E91998E}.Unicode Debug|Win32.Build.0 = Debug|Win32
		{A0F7D1FB-59A7-4717-A7E4-96F37E91998E}.Unicode Debug|x64.ActiveCfg = Debug|x64
		{A0F7D1FB-59A7-4717-A7E4-96F37E91998E}.Unicode Debug|x64.Build.0 = Debug|x64
		{A0F7D1FB-59A7-4717-A7E4-96F37E91998E}.Unicode Release|Win32.ActiveCfg = Release|Win32
		{A0F7D1FB-59A7-4717-A7E4-96F37E91998E}.Unicode Release|Win32.Build.0 = Release|Win32
		{A0F7D1FB-59A7-4717-A7E4-96F37E91998E}.Unicode Release|x64.ActiveCfg = Release|x64
		{A0F7D1FB-59A7-4717-A7E4-96F37E91998E}.Unicode Release|x64.Build.0 = Release|x64
		{A19B1DF2-82EC-4364-8BDF-85D13A1C89B5}.Debug_Dedicated|Win32.ActiveCfg = Debug|Win32
		{A19B1DF2-82EC-4364-8BDF-85D13A1C89B5}.Debug_Dedicated|x64.ActiveCfg = Template|x64
		{A19B1DF2-82EC-4364-8BDF-85D13A1C89B5}.Debug_Dedicated|x64.Build.0 = Debug|x64
		{A19B1DF2-82EC-4364-8BDF-85D13A1C89B5}.Debug|Win32.ActiveCfg = Debug|Win32
		{A19B1DF2-82EC-4364-8BDF-85D13A1C89B5}.Debug|Win32.Build.0 = Debug|Win32
		{A19B1DF2-82EC-4364-8BDF-85D13A1C89B5}.Debug|x64.ActiveCfg = Debug|x64
		{A19B1DF2-82EC-4364-8BDF-85D13A1C89B5}.Debug|x64.Build.0 = Debug|x64
		{A19B1DF2-82EC-4364-8BDF-85D13A1C89B5}.Mixed_Dedicated|Win32.ActiveCfg = Mixed|Win32
		{A19B1DF2-82EC-4364-8BDF-85D13A1C89B5}.Mixed_Dedicated|x64.ActiveCfg = Mixed|x64
		{A19B1DF2-82EC-4364-8BDF-85D13A1C89B5}.Mixed_Dedicated|x64.Build.0 = Mixed|x64
		{A19B1DF2-82EC-4364-8BDF-85D13A1C89B5}.Mixed|Win32.ActiveCfg = Mixed|Win32
		{A19B1DF2-82EC-4364-8BDF-85D13A1C89B5}.Mixed|Win32.Build.0 = Mixed|Win32
		{A19B1DF2-82EC-4364-8BDF-85D13A1C89B5}.Mixed|x64.ActiveCfg = Mixed|x64
		{A19B1DF2-82EC-4364-8BDF-85D13A1C89B5}.Mixed|x64.Build.0 = Mixed|x64
		{A19B1DF2-82EC-4364-8BDF-85D13A1C89B5}.Release_Dedicated|Win32.ActiveCfg = Release|Win32
		{A19B1DF2-82EC-4364-8BDF-85D13A1C89B5}.Release_Dedicated|x64.ActiveCfg = Release|x64
		{A19B1DF2-82EC-4364-8BDF-85D13A1C89B5}.Release_Dedicated|x64.Build.0 = Release|x64
		{A19B1DF2-82EC-4364-8BDF-85D13A1C89B5}.Release|Win32.ActiveCfg = Release|Win32
		{A19B1DF2-82EC-4364-8BDF-85D13A1C89B5}.Release|Win32.Build.0 = Release|Win32
		{A19B1DF2-82EC-4364-8BDF-85D13A1C89B5}.Release|x64.ActiveCfg = Release|x64
		{A19B1DF2-82EC-4364-8BDF-85D13A1C89B5}.Release|x64.Build.0 = Release|x64
		{A19B1DF2-82EC-4364-8BDF-85D13A1C89B5}.Test_Clang|Win32.ActiveCfg = Test_Clang|Win32
		{A19B1DF2-82EC-4364-8BDF-85D13A1C89B5}.Test_Clang|Win32.Build.0 = Test_Clang|Win32
		{A19B1DF2-82EC-4364-8BDF-85D13A1C89B5}.Test_Clang|x64.ActiveCfg = Test_Clang|x64
		{A19B1DF2-82EC-4364-8BDF-85D13A1C89B5}.Test_Clang|x64.Build.0 = Test_Clang|x64
		{A19B1DF2-82EC-4364-8BDF-85D13A1C89B5}.Unicode Debug|Win32.ActiveCfg = Debug|Win32
		{A19B1DF2-82EC-4364-8BDF-85D13A1C89B5}.Unicode Debug|Win32.Build.0 = Debug|Win32
		{A19B1DF2-82EC-4364-8BDF-85D13A1C89B5}.Unicode Debug|x64.ActiveCfg = Debug|x64
		{A19B1DF2-82EC-4364-8BDF-85D13A1C89B5}.Unicode Debug|x64.Build.0 = Debug|x64
		{A19B1DF2-82EC-4364-8BDF-85D13A1C89B5}.Unicode Release|Win32.ActiveCfg = Release|Win32
		{A19B1DF2-82EC-4364-8BDF-85D13A1C89B5}.Unicode Release|Win32.Build.0 = Release|Win32
		{A19B1DF2-82EC-4364-8BDF-85D13A1C89B5}.Unicode Release|x64.ActiveCfg = Release|x64
		{A19B1DF2-82EC-4364-8BDF-85D13A1C89B5}.Unicode Release|x64.Build.0 = Release|x64
		{57A498C9-A741-4DDF-8EFC-BFB9EB6B00E2}.Debug_Dedicated|Win32.ActiveCfg = Debug|Win32
		{57A498C9-A741-4DDF-8EFC-BFB9EB6B00E2}.Debug_Dedicated|x64.ActiveCfg = Template|x64
		{57A498C9-A741-4DDF-8EFC-BFB9EB6B00E2}.Debug_Dedicated|x64.Build.0 = Debug|x64
		{57A498C9-A741-4DDF-8EFC-BFB9EB6B00E2}.Debug|Win32.ActiveCfg = Debug|Win32
		{57A498C9-A741-4DDF-8EFC-BFB9EB6B00E2}.Debug|Win32.Build.0 = Debug|Win32
		{57A498C9-A741-4DDF-8EFC-BFB9EB6B00E2}.Debug|x64.ActiveCfg = Debug|x64
		{57A498C9-A741-4DDF-8EFC-BFB9EB6B00E2}.Debug|x64.Build.0 = Debug|x64
		{57A498C9-A741-4DDF-8EFC-BFB9EB6B00E2}.Mixed_Dedicated|Win32.ActiveCfg = Mixed|Win32
		{57A498C9-A741-4DDF-8EFC-BFB9EB6B00E2}.Mixed_Dedicated|x64.ActiveCfg = Mixed|x64
		{57A498C9-A741-4DDF-8EFC-BFB9EB6B00E2}.Mixed_Dedicated|x64.Build.0 = Mixed|x64
		{57A498C9-A741-4DDF-8EFC-BFB9EB6B00E2}.Mixed|Win32.ActiveCfg = Mixed|Win32
		{57A498C9-A741-4DDF-8EFC-BFB9EB6B00E2}.Mixed|Win32.Build.0 = Mixed|Win32
		{57A498C9-A741-4DDF-8EFC-BFB9EB6B00E2}.Mixed|x64.ActiveCfg = Mixed|x64
		{57A498C9-A741-4DDF-8EFC-BFB9EB6B00E2}.Mixed|x64.Build.0 = Mixed|x64
		{57A498C9-A741-4DDF-8EFC-BFB9EB6B00E2}.Release_Dedicated|Win32.ActiveCfg = Release|Win32
		{57A498C9-A741-4DDF-8EFC-BFB9EB6B00E2}.Release_Dedicated|x64.ActiveCfg = Release|x64
		{57A498C9-A741-4DDF-8EFC-BFB9EB6B00E2}.Release_Dedicated|x64.Build.0 = Release|x64
		{57A498C9-A741-4DDF-8EFC-BFB9EB6B00E2}.Release|Win32.ActiveCfg = Release|Win32
		{57A498C9-A741-4DDF-8EFC-BFB9EB6B00E2}.Release|Win32.Build.0 = Release|Win32
		{57A498C9-A741-4DDF-8EFC-BFB9EB6B00E2}.Release|x64.ActiveCfg = Release|x64
		{57A498C9-A741-4DDF-8EFC-BFB9EB6B00E2}.Test_Clang|Win32.ActiveCfg = Test_Clang|Win32
		{57A498C9-A741-4DDF-8EFC-BFB9EB6B00E2}.Test_Clang|Win32.Build.0 = Test_Clang|Win32
		{57A498C9-A741-4DDF-8EFC-BFB9EB6B00E2}.Test_Clang|x64.ActiveCfg = Test_Clang|x64
		{57A498C9-A741-4DDF-8EFC-BFB9EB6B00E2}.Test_Clang|x64.Build.0 = Test_Clang|x64
		{57A498C9-A741-4DDF-8EFC-BFB9EB6B00E2}.Unicode Debug|Win32.ActiveCfg = Debug|Win32
		{57A498C9-A741-4DDF-8EFC-BFB9EB6B00E2}.Unicode Debug|Win32.Build.0 = Debug|Win32
		{57A498C9-A741-4DDF-8EFC-BFB9EB6B00E2}.Unicode Debug|x64.ActiveCfg = Debug|x64
		{57A498C9-A741-4DDF-8EFC-BFB9EB6B00E2}.Unicode Debug|x64.Build.0 = Debug|x64
		{57A498C9-A741-4DDF-8EFC-BFB9EB6B00E2}.Unicode Release|Win32.ActiveCfg = Release|Win32
		{57A498C9-A741-4DDF-8EFC-BFB9EB6B00E2}.Unicode Release|Win32.Build.0 = Release|Win32
		{57A498C9-A741-4DDF-8EFC-BFB9EB6B00E2}.Unicode Release|x64.ActiveCfg = Release|x64
		{57A498C9-A741-4DDF-8EFC-BFB9EB6B00E2}.Unicode Release|x64.Build.0 = Release|x64
		{963BA4E5-499A-454D-B002-1D5ECE0527A6}.Debug_Dedicated|Win32.ActiveCfg = Debug|Win32
		{963BA4E5-499A-454D-B002-1D5ECE0527A6}.Debug_Dedicated|x64.ActiveCfg = Debug|x64
		{963BA4E5-499A-454D-B002-1D5ECE0527A6}.Debug_Dedicated|x64.Build.0 = Debug|x64
		{963BA4E5-499A-454D-B002-1D5ECE0527A6}.Debug|Win32.ActiveCfg = Debug|Win32
		{963BA4E5-499A-454D-B002-1D5ECE0527A6}.Debug|Win32.Build.0 = Debug|Win32
		{963BA4E5-499A-454D-B002-1D5ECE0527A6}.Debug|x64.ActiveCfg = Debug|x64
		{963BA4E5-499A-454D-B002-1D5ECE0527A6}.Debug|x64.Build.0 = Debug|x64
		{963BA4E5-499A-454D-B002-1D5ECE0527A6}.Mixed_Dedicated|Win32.ActiveCfg = Mixed|Win32
		{963BA4E5-499A-454D-B002-1D5ECE0527A6}.Mixed_Dedicated|x64.ActiveCfg = Mixed|x64
		{963BA4E5-499A-454D-B002-1D5ECE0527A6}.Mixed_Dedicated|x64.Build.0 = Mixed|x64
		{963BA4E5-499A-454D-B002-1D5ECE0527A6}.Mixed|Win32.ActiveCfg = Mixed|Win32
		{963BA4E5-499A-454D-B002-1D5ECE0527A6}.Mixed|Win32.Build.0 = Mixed|Win32
		{963BA4E5-499A-454D-B002-1D5ECE0527A6}.Mixed|x64.ActiveCfg = Mixed|x64
		{963BA4E5-499A-454D-B002-1D5ECE0527A6}.Mixed|x64.Build.0 = Mixed|x64
		{963BA4E5-499A-454D-B002-1D5ECE0527A6}.Release_Dedicated|Win32.ActiveCfg = Release|Win32
		{963BA4E5-499A-454D-B002-1D5ECE0527A6}.Release_Dedicated|x64.ActiveCfg = Release|x64
		{963BA4E5-499A-454D-B002-1D5ECE0527A6}.Release_Dedicated|x64.Build.0 = Release|x64
		{963BA4E5-499A-454D-B002-1D5ECE0527A6}.Release|Win32.ActiveCfg = Release|Win32
		{963BA4E5-499A-454D-B002-1D5ECE0527A6}.Release|Win32.Build.0 = Release|Win32
		{963BA4E5-499A-454D-B002-1D5ECE0527A6}.Release|x64.ActiveCfg = Release|x64
		{963BA4E5-499A-454D-B002-1D5ECE0527A6}.Test_Clang|Win32.ActiveCfg = Test_Clang|Win32
		{963BA4E5-499A-454D-B002-1D5ECE0527A6}.Test_Clang|Win32.Build.0 = Test_Clang|Win32
		{963BA4E5-499A-454D-B002-1D5ECE0527A6}.Test_Clang|x64.ActiveCfg = Test_Clang|x64
		{963BA4E5-499A-454D-B002-1D5ECE0527A6}.Test_Clang|x64.Build.0 = Test_Clang|x64
		{963BA4E5-499A-454D-B002-1D5ECE0527A6}.Unicode Debug|Win32.ActiveCfg = Debug|Win32
		{963BA4E5-499A-454D-B002-1D5ECE0527A6}.Unicode Debug|Win32.Build.0 = Debug|Win32
		{963BA4E5-499A-454D-B002-1D5ECE0527A6}.Unicode Debug|x64.ActiveCfg = Debug|x64
		{963BA4E5-499A-454D-B002-1D5ECE0527A6}.Unicode Debug|x64.Build.0 = Debug|x64
		{963BA4E5-499A-454D-B002-1D5ECE0527A6}.Unicode Release|Win32.ActiveCfg = Release|Win32
		{963BA4E5-499A-454D-B002-1D5ECE0527A6}.Unicode Release|Win32.Build.0 = Release|Win32
		{963BA4E5-499A-454D-B002-1D5ECE0527A6}.Unicode Release|x64.ActiveCfg = Release|x64
		{963BA4E5-499A-454D-B002-1D5ECE0527A6}.Unicode Release|x64.Build.0 = Release|x64
		{94A1C366-3D19-48E6-8170-4ADC2E70DF98}.Debug_Dedicated|Win32.ActiveCfg = Debug|Win32
		{94A1C366-3D19-48E6-8170-4ADC2E70DF98}.Debug_Dedicated|x64.ActiveCfg = Template|x64
		{94A1C366-3D19-48E6-8170-4ADC2E70DF98}.Debug_Dedicated|x64.Build.0 = Debug|x64
		{94A1C366-3D19-48E6-8170-4ADC2E70DF98}.Debug|Win32.ActiveCfg = Debug|Win32
		{94A1C366-3D19-48E6-8170-4ADC2E70DF98}.Debug|Win32.Build.0 = Debug|Win32
		{94A1C366-3D19-48E6-8170-4ADC2E70DF98}.Debug|x64.ActiveCfg = Debug|x64
		{94A1C366-3D19-48E6-8170-4ADC2E70DF98}.Debug|x64.Build.0 = Debug|x64
		{94A1C366-3D19-48E6-8170-4ADC2E70DF98}.Mixed_Dedicated|Win32.ActiveCfg = Mixed|Win32
		{94A1C366-3D19-48E6-8170-4ADC2E70DF98}.Mixed_Dedicated|x64.ActiveCfg = Mixed|x64
		{94A1C366-3D19-48E6-8170-4ADC2E70DF98}.Mixed_Dedicated|x64.Build.0 = Mixed|x64
		{94A1C366-3D19-48E6-8170-4ADC2E70DF98}.Mixed|Win32.ActiveCfg = Mixed|Win32
		{94A1C366-3D19-48E6-8170-4ADC2E70DF98}.Mixed|Win32.Build.0 = Mixed|Win32
		{94A1C366-3D19-48E6-8170-4ADC2E70DF98}.Mixed|x64.ActiveCfg = Mixed|x64
		{94A1C366-3D19-48E6-8170-4ADC2E70DF98}.Mixed|x64.Build.0 = Mixed|x64
		{94A1C366-3D19-48E6-8170-4ADC2E70DF98}.Release_Dedicated|Win32.ActiveCfg = Release|Win32
		{94A1C366-3D19-48E6-8170-4ADC2E70DF98}.Release_Dedicated|x64.ActiveCfg = Release|x64
		{94A1C366-3D19-48E6-8170-4ADC2E70DF98}.Release_Dedicated|x64.Build.0 = Release|x64
		{94A1C366-3D19-48E6-8170-4ADC2E70DF98}.Release|Win32.ActiveCfg = Release|Win32
		{94A1C366-3D19-48E6-8170-4ADC2E70DF98}.Release|Win32.Build.0 = Release|Win32
		{94A1C366-3D19-48E6-8170-4ADC2E70DF98}.Release|x64.ActiveCfg = Release|x64
		{94A1C366-3D19-48E6-8170-4ADC2E70DF98}.Test_Clang|Win32.ActiveCfg = Test_Clang|Win32
		{94A1C366-3D19-48E6-8170-4ADC2E70DF98}.Test_Clang|Win32.Build.0 = Test_Clang|Win32
		{94A1C366-3D19-48E6-8170-4ADC2E70DF98}.Test_Clang|x64.ActiveCfg = Test_Clang|x64
		{94A1C366-3D19-48E6-8170-4ADC2E70DF98}.Test_Clang|x64.Build.0 = Test_Clang|x64
		{94A1C366-3D19-48E6-8170-4ADC2E70DF98}.Unicode Debug|Win32.ActiveCfg = Debug|Win32
		{94A1C366-3D19-48E6-8170-4ADC2E70DF98}.Unicode Debug|Win32.Build.0 = Debug|Win32
		{94A1C366-3D19-48E6-8170-4ADC2E70DF98}.Unicode Debug|x64.ActiveCfg = Debug|x64
		{94A1C366-3D19-48E6-8170-4ADC2E70DF98}.Unicode Debug|x64.Build.0 = Debug|x64
		{94A1C366-3D19-48E6-8170-4ADC2E70DF98}.Unicode Release|Win32.ActiveCfg = Release|Win32
		{94A1C366-3D19-48E6-8170-4ADC2E70DF98}.Unicode Release|Win32.Build.0 = Release|Win32
		{94A1C366-3D19-48E6-8170-4ADC2E70DF98}.Unicode Release|x64.ActiveCfg = Release|x64
		{94A1C366-3D19-48E6-8170-4ADC2E70DF98}.Unicode Release|x64.Build.0 = Release|x64
		{1BF75FEB-87DD-486C-880B-227987D191C2}.Debug_Dedicated|Win32.ActiveCfg = Debug|Win32
		{1BF75FEB-87DD-486C-880B-227987D191C2}.Debug_Dedicated|x64.ActiveCfg = Template|x64
		{1BF75FEB-87DD-486C-880B-227987D191C2}.Debug_Dedicated|x64.Build.0 = Debug|x64
		{1BF75FEB-87DD-486C-880B-227987D191C2}.Debug|Win32.ActiveCfg = Debug|Win32
		{1BF75FEB-87DD-486C-880B-227987D191C2}.Debug|Win32.Build.0 = Debug|Win32
		{1BF75FEB-87DD-486C-880B-227987D191C2}.Debug|x64.ActiveCfg = Debug|x64
		{1BF75FEB-87DD-486C-880B-227987D191C2}.Debug|x64.Build.0 = Debug|x64
		{1BF75FEB-87DD-486C-880B-227987D191C2}.Mixed_Dedicated|Win32.ActiveCfg = Mixed|Win32
		{1BF75FEB-87DD-486C-880B-227987D191C2}.Mixed_Dedicated|x64.ActiveCfg = Mixed|x64
		{1BF75FEB-87DD-486C-880B-227987D191C2}.Mixed_Dedicated|x64.Build.0 = Mixed|x64
		{1BF75FEB-87DD-486C-880B-227987D191C2}.Mixed|Win32.ActiveCfg = Mixed|Win32
		{1BF75FEB-87DD-486C-880B-227987D191C2}.Mixed|Win32.Build.0 = Mixed|Win32
		{1BF75FEB-87DD-486C-880B-227987D191C2}.Mixed|x64.ActiveCfg = Mixed|x64
		{1BF75FEB-87DD-486C-880B-227987D191C2}.Mixed|x64.Build.0 = Mixed|x64
		{1BF75FEB-87DD-486C-880B-227987D191C2}.Release_Dedicated|Win32.ActiveCfg = Release|Win32
		{1BF75FEB-87DD-486C-880B-227987D191C2}.Release_Dedicated|x64.ActiveCfg = Release|x64
		{1BF75FEB-87DD-486C-880B-227987D191C2}.Release_Dedicated|x64.Build.0 = Release|x64
		{1BF75FEB-87DD-486C-880B-227987D191C2}.Release|Win32.ActiveCfg = Release|Win32
		{1BF75FEB-87DD-486C-880B-227987D191C2}.Release|Win32.Build.0 = Release|Win32
		{1BF75FEB-87DD-486C-880B-227987D191C2}.Release|x64.ActiveCfg = Release|x64
		{1BF75FEB-87DD-486C-880B-227987D191C2}.Test_Clang|Win32.ActiveCfg = Test_Clang|Win32
		{1BF75FEB-87DD-486C-880B-227987D191C2}.Test_Clang|Win32.Build.0 = Test_Clang|Win32
		{1BF75FEB-87DD-486C-880B-227987D191C2}.Test_Clang|x64.ActiveCfg = Test_Clang|x64
		{1BF75FEB-87DD-486C-880B-227987D191C2}.Test_Clang|x64.Build.0 = Test_Clang|x64
		{1BF75FEB-87DD-486C-880B-227987D191C2}.Unicode Debug|Win32.ActiveCfg = Debug|Win32
		{1BF75FEB-87DD-486C-880B-227987D191C2}.Unicode Debug|Win32.Build.0 = Debug|Win32
		{1BF75FEB-87DD-486C-880B-227987D191C2}.Unicode Debug|x64.ActiveCfg = Debug|x64
		{1BF75FEB-87DD-486C-880B-227987D191C2}.Unicode Debug|x64.Build.0 = Debug|x64
		{1BF75FEB-87DD-486C-880B-227987D191C2}.Unicode Release|Win32.ActiveCfg = Release|Win32
		{1BF75FEB-87DD-486C-880B-227987D191C2}.Unicode Release|Win32.Build.0 = Release|Win32
		{1BF75FEB-87DD-486C-880B-227987D191C2}.Unicode Release|x64.ActiveCfg = Release|x64
		{1BF75FEB-87DD-486C-880B-227987D191C2}.Unicode Release|x64.Build.0 = Release|x64
		{94A1C366-3D19-48E6-8170-4ADC2E70DF97}.Debug_Dedicated|Win32.ActiveCfg = Debug|Win32
		{94A1C366-3D19-48E6-8170-4ADC2E70DF97}.Debug_Dedicated|x64.ActiveCfg = Template|x64
		{94A1C366-3D19-48E6-8170-4ADC2E70DF97}.Debug_Dedicated|x64.Build.0 = Debug|x64
		{94A1C366-3D19-48E6-8170-4ADC2E70DF97}.Debug|Win32.ActiveCfg = Debug|Win32
		{94A1C366-3D19-48E6-8170-4ADC2E70DF97}.Debug|Win32.Build.0 = Debug|Win32
		{94A1C366-3D19-48E6-8170-4ADC2E70DF97}.Debug|x64.ActiveCfg = Debug|x64
		{94A1C366-3D19-48E6-8170-4ADC2E70DF97}.Debug|x64.Build.0 = Debug|x64
		{94A1C366-3D19-48E6-8170-4ADC2E70DF97}.Mixed_Dedicated|Win32.ActiveCfg = Mixed|Win32
		{94A1C366-3D19-48E6-8170-4ADC2E70DF97}.Mixed_Dedicated|x64.ActiveCfg = Mixed|x64
		{94A1C366-3D19-48E6-8170-4ADC2E70DF97}.Mixed_Dedicated|x64.Build.0 = Mixed|x64
		{94A1C366-3D19-48E6-8170-4ADC2E70DF97}.Mixed|Win32.ActiveCfg = Mixed|Win32
		{94A1C366-3D19-48E6-8170-4ADC2E70DF97}.Mixed|Win32.Build.0 = Mixed|Win32
		{94A1C366-3D19-48E6-8170-4ADC2E70DF97}.Mixed|x64.ActiveCfg = Mixed|x64
		{94A1C366-3D19-48E6-8170-4ADC2E70DF97}.Mixed|x64.Build.0 = Mixed|x64
		{94A1C366-3D19-48E6-8170-4ADC2E70DF97}.Release_Dedicated|Win32.ActiveCfg = Release|Win32
		{94A1C366-3D19-48E6-8170-4ADC2E70DF97}.Release_Dedicated|x64.ActiveCfg = Release|x64
		{94A1C366-3D19-48E6-8170-4ADC2E70DF97}.Release_Dedicated|x64.Build.0 = Release|x64
		{94A1C366-3D19-48E6-8170-4ADC2E70DF97}.Release|Win32.ActiveCfg = Release|Win32
		{94A1C366-3D19-48E6-8170-4ADC2E70DF97}.Release|Win32.Build.0 = Release|Win32
		{94A1C366-3D19-48E6-8170-4ADC2E70DF97}.Release|x64.ActiveCfg = Release|x64
		{94A1C366-3D19-48E6-8170-4ADC2E70DF97}.Test_Clang|Win32.ActiveCfg = Test_Clang|Win32
		{94A1C366-3D19-48E6-8170-4ADC2E70DF97}.Test_Clang|Win32.Build.0 = Test_Clang|Win32
		{94A1C366-3D19-48E6-8170-4ADC2E70DF97}.Test_Clang|x64.ActiveCfg = Test_Clang|x64
		{94A1C366-3D19-48E6-8170-4ADC2E70DF97}.Test_Clang|x64.Build.0 = Test_Clang|x64
		{94A1C366-3D19-48E6-8170-4ADC2E70DF97}.Unicode Debug|Win32.ActiveCfg = Debug|Win32
		{94A1C366-3D19-48E6-8170-4ADC2E70DF97}.Unicode Debug|Win32.Build.0 = Debug|Win32
		{94A1C366-3D19-48E6-8170-4ADC2E70DF97}.Unicode Debug|x64.ActiveCfg = Debug|x64
		{94A1C366-3D19-48E6-8170-4ADC2E70DF97}.Unicode Debug|x64.Build.0 = Debug|x64
		{94A1C366-3D19-48E6-8170-4ADC2E70DF97}.Unicode Release|Win32.ActiveCfg = Release|Win32
		{94A1C366-3D19-48E6-8170-4ADC2E70DF97}.Unicode Release|Win32.Build.0 = Release|Win32
		{94A1C366-3D19-48E6-8170-4ADC2E70DF97}.Unicode Release|x64.ActiveCfg = Release|x64
		{94A1C366-3D19-48E6-8170-4ADC2E70DF97}.Unicode Release|x64.Build.0 = Release|x64
		{435BAC9A-B225-457D-AB40-C9BD0CC8838C}.Debug_Dedicated|Win32.ActiveCfg = Debug|Win32
		{435BAC9A-B225-457D-AB40-C9BD0CC8838C}.Debug_Dedicated|x64.ActiveCfg = Template|x64
		{435BAC9A-B225-457D-AB40-C9BD0CC8838C}.Debug_Dedicated|x64.Build.0 = Debug|x64
		{435BAC9A-B225-457D-AB40-C9BD0CC8838C}.Debug|Win32.ActiveCfg = Debug|Win32
		{435BAC9A-B225-457D-AB40-C9BD0CC8838C}.Debug|Win32.Build.0 = Debug|Win32
		{435BAC9A-B225-457D-AB40-C9BD0CC8838C}.Debug|x64.ActiveCfg = Debug|x64
		{435BAC9A-B225-457D-AB40-C9BD0CC8838C}.Debug|x64.Build.0 = Debug|x64
		{435BAC9A-B225-457D-AB40-C9BD0CC8838C}.Mixed_Dedicated|Win32.ActiveCfg = Mixed|Win32
		{435BAC9A-B225-457D-AB40-C9BD0CC8838C}.Mixed_Dedicated|x64.ActiveCfg = Mixed|x64
		{435BAC9A-B225-457D-AB40-C9BD0CC8838C}.Mixed_Dedicated|x64.Build.0 = Mixed|x64
		{435BAC9A-B225-457D-AB40-C9BD0CC8838C}.Mixed|Win32.ActiveCfg = Mixed|Win32
		{435BAC9A-B225-457D-AB40-C9BD0CC8838C}.Mixed|Win32.Build.0 = Mixed|Win32
		{435BAC9A-B225-457D-AB40-C9BD0CC8838C}.Mixed|x64.ActiveCfg = Mixed|x64
		{435BAC9A-B225-457D-AB40-C9BD0CC8838C}.Mixed|x64.Build.0 = Mixed|x64
		{435BAC9A-B225-457D-AB40-C9BD0CC8838C}.Release_Dedicated|Win32.ActiveCfg = Release|Win32
		{435BAC9A-B225-457D-AB40-C9BD0CC8838C}.Release_Dedicated|x64.ActiveCfg = Release|x64
		{435BAC9A-B225-457D-AB40-C9BD0CC8838C}.Release_Dedicated|x64.Build.0 = Release|x64
		{435BAC9A-B225-457D-AB40-C9BD0CC8838C}.Release|Win32.ActiveCfg = Release|Win32
		{435BAC9A-B225-457D-AB40-C9BD0CC8838C}.Release|Win32.Build.0 = Release|Win32
		{435BAC9A-B225-457D-AB40-C9BD0CC8838C}.Release|x64.ActiveCfg = Release|x64
		{435BAC9A-B225-457D-AB40-C9BD0CC8838C}.Test_Clang|Win32.ActiveCfg = Test_Clang|Win32
		{435BAC9A-B225-457D-AB40-C9BD0CC8838C}.Test_Clang|Win32.Build.0 = Test_Clang|Win32
		{435BAC9A-B225-457D-AB40-C9BD0CC8838C}.Test_Clang|x64.ActiveCfg = Test_Clang|x64
		{435BAC9A-B225-457D-AB40-C9BD0CC8838C}.Test_Clang|x64.Build.0 = Test_Clang|x64
		{435BAC9A-B225-457D-AB40-C9BD0CC8838C}.Unicode Debug|Win32.ActiveCfg = Debug|Win32
		{435BAC9A-B225-457D-AB40-C9BD0CC8838C}.Unicode Debug|Win32.Build.0 = Debug|Win32
		{435BAC9A-B225-457D-AB40-C9BD0CC8838C}.Unicode Debug|x64.ActiveCfg = Debug|x64
		{435BAC9A-B225-457D-AB40-C9BD0CC8838C}.Unicode Debug|x64.Build.0 = Debug|x64
		{435BAC9A-B225-457D-AB40-C9BD0CC8838C}.Unicode Release|Win32.ActiveCfg = Release|Win32
		{435BAC9A-B225-457D-AB40-C9BD0CC8838C}.Unicode Release|Win32.Build.0 = Release|Win32
		{435BAC9A-B225-457D-AB40-C9BD0CC8838C}.Unicode Release|x64.ActiveCfg = Release|x64
		{435BAC9A-B225-457D-AB40-C9BD0CC8838C}.Unicode Release|x64.Build.0 = Release|x64
		{0899B131-F1D4-4876-9BA1-67AC821DB9E1}.Debug_Dedicated|Win32.ActiveCfg = Debug|Win32
		{0899B131-F1D4-4876-9BA1-67AC821DB9E1}.Debug_Dedicated|x64.ActiveCfg = Debug|x64
		{0899B131-F1D4-4876-9BA1-67AC821DB9E1}.Debug_Dedicated|x64.Build.0 = Debug|x64
		{0899B131-F1D4-4876-9BA1-67AC821DB9E1}.Debug|Win32.ActiveCfg = Debug|Win32
		{0899B131-F1D4-4876-9BA1-67AC821DB9E1}.Debug|Win32.Build.0 = Debug|Win32
		{0899B131-F1D4-4876-9BA1-67AC821DB9E1}.Debug|x64.ActiveCfg = Debug|x64
		{0899B131-F1D4-4876-9BA1-67AC821DB9E1}.Debug|x64.Build.0 = Debug|x64
		{0899B131-F1D4-4876-9BA1-67AC821DB9E1}.Mixed_Dedicated|Win32.ActiveCfg = Debug|Win32
		{0899B131-F1D4-4876-9BA1-67AC821DB9E1}.Mixed_Dedicated|x64.ActiveCfg = Release|x64
		{0899B131-F1D4-4876-9BA1-67AC821DB9E1}.Mixed_Dedicated|x64.Build.0 = Release|x64
		{0899B131-F1D4-4876-9BA1-67AC821DB9E1}.Mixed|Win32.ActiveCfg = Debug|Win32
		{0899B131-F1D4-4876-9BA1-67AC821DB9E1}.Mixed|Win32.Build.0 = Debug|Win32
		{0899B131-F1D4-4876-9BA1-67AC821DB9E1}.Mixed|x64.ActiveCfg = Release|x64
		{0899B131-F1D4-4876-9BA1-67AC821DB9E1}.Mixed|x64.Build.0 = Release|x64
		{0899B131-F1D4-4876-9BA1-67AC821DB9E1}.Release_Dedicated|Win32.ActiveCfg = Release|Win32
		{0899B131-F1D4-4876-9BA1-67AC821DB9E1}.Release_Dedicated|x64.ActiveCfg = Release|x64
		{0899B131-F1D4-4876-9BA1-67AC821DB9E1}.Release_Dedicated|x64.Build.0 = Release|x64
		{0899B131-F1D4-4876-9BA1-67AC821DB9E1}.Release|Win32.ActiveCfg = Release|Win32
		{0899B131-F1D4-4876-9BA1-67AC821DB9E1}.Release|Win32.Build.0 = Release|Win32
		{0899B131-F1D4-4876-9BA1-67AC821DB9E1}.Release|x64.ActiveCfg = Release|x64
		{0899B131-F1D4-4876-9BA1-67AC821DB9E1}.Test_Clang|Win32.ActiveCfg = Test_Clang|Win32
		{0899B131-F1D4-4876-9BA1-67AC821DB9E1}.Test_Clang|Win32.Build.0 = Test_Clang|Win32
		{0899B131-F1D4-4876-9BA1-67AC821DB9E1}.Test_Clang|x64.ActiveCfg = Test_Clang|x64
		{0899B131-F1D4-4876-9BA1-67AC821DB9E1}.Test_Clang|x64.Build.0 = Test_Clang|x64
		{0899B131-F1D4-4876-9BA1-67AC821DB9E1}.Unicode Debug|Win32.ActiveCfg = Debug|Win32
		{0899B131-F1D4-4876-9BA1-67AC821DB9E1}.Unicode Debug|Win32.Build.0 = Debug|Win32
		{0899B131-F1D4-4876-9BA1-67AC821DB9E1}.Unicode Debug|x64.ActiveCfg = Debug|x64
		{0899B131-F1D4-4876-9BA1-67AC821DB9E1}.Unicode Debug|x64.Build.0 = Debug|x64
		{0899B131-F1D4-4876-9BA1-67AC821DB9E1}.Unicode Release|Win32.ActiveCfg = Release|Win32
		{0899B131-F1D4-4876-9BA1-67AC821DB9E1}.Unicode Release|Win32.Build.0 = Release|Win32
		{0899B131-F1D4-4876-9BA1-67AC821DB9E1}.Unicode Release|x64.ActiveCfg = Release|x64
		{0899B131-F1D4-4876-9BA1-67AC821DB9E1}.Unicode Release|x64.Build.0 = Release|x64
		{5535F6B4-7AE6-4B66-8AEA-CC31C14D7AB7}.Debug_Dedicated|Win32.ActiveCfg = Debug|Win32
		{5535F6B4-7AE6-4B66-8AEA-CC31C14D7AB7}.Debug_Dedicated|x64.ActiveCfg = Debug|x64
		{5535F6B4-7AE6-4B66-8AEA-CC31C14D7AB7}.Debug_Dedicated|x64.Build.0 = Debug|x64
		{5535F6B4-7AE6-4B66-8AEA-CC31C14D7AB7}.Debug|Win32.ActiveCfg = Debug|Win32
		{5535F6B4-7AE6-4B66-8AEA-CC31C14D7AB7}.Debug|Win32.Build.0 = Debug|Win32
		{5535F6B4-7AE6-4B66-8AEA-CC31C14D7AB7}.Debug|x64.ActiveCfg = Debug|x64
		{5535F6B4-7AE6-4B66-8AEA-CC31C14D7AB7}.Debug|x64.Build.0 = Debug|x64
		{5535F6B4-7AE6-4B66-8AEA-CC31C14D7AB7}.Mixed_Dedicated|Win32.ActiveCfg = Release|Win32
		{5535F6B4-7AE6-4B66-8AEA-CC31C14D7AB7}.Mixed_Dedicated|x64.ActiveCfg = Release|x64
		{5535F6B4-7AE6-4B66-8AEA-CC31C14D7AB7}.Mixed_Dedicated|x64.Build.0 = Release|x64
		{5535F6B4-7AE6-4B66-8AEA-CC31C14D7AB7}.Mixed|Win32.ActiveCfg = Debug|Win32
		{5535F6B4-7AE6-4B66-8AEA-CC31C14D7AB7}.Mixed|Win32.Build.0 = Debug|Win32
		{5535F6B4-7AE6-4B66-8AEA-CC31C14D7AB7}.Mixed|x64.ActiveCfg = Release|x64
		{5535F6B4-7AE6-4B66-8AEA-CC31C14D7AB7}.Mixed|x64.Build.0 = Release|x64
		{5535F6B4-7AE6-4B66-8AEA-CC31C14D7AB7}.Release_Dedicated|Win32.ActiveCfg = Release|Win32
		{5535F6B4-7AE6-4B66-8AEA-CC31C14D7AB7}.Release_Dedicated|x64.ActiveCfg = Release|x64
		{5535F6B4-7AE6-4B66-8AEA-CC31C14D7AB7}.Release_Dedicated|x64.Build.0 = Release|x64
		{5535F6B4-7AE6-4B66-8AEA-CC31C14D7AB7}.Release|Win32.ActiveCfg = Release|Win32
		{5535F6B4-7AE6-4B66-8AEA-CC31C14D7AB7}.Release|Win32.Build.0 = Release|Win32
		{5535F6B4-7AE6-4B66-8AEA-CC31C14D7AB7}.Release|x64.ActiveCfg = Release|x64
		{5535F6B4-7AE6-4B66-8AEA-CC31C14D7AB7}.Test_Clang|Win32.ActiveCfg = Test_Clang|Win32
		{5535F6B4-7AE6-4B66-8AEA-CC31C14D7AB7}.Test_Clang|Win32.Build.0 = Test_Clang|Win32
		{5535F6B4-7AE6-4B66-8AEA-CC31C14D7AB7}.Test_Clang|x64.ActiveCfg = Test_Clang|x64
		{5535F6B4-7AE6-4B66-8AEA-CC31C14D7AB7}.Test_Clang|x64.Build.0 = Test_Clang|x64
		{5535F6B4-7AE6-4B66-8AEA-CC31C14D7AB7}.Unicode Debug|Win32.ActiveCfg = Debug|Win32
		{5535F6B4-7AE6-4B66-8AEA-CC31C14D7AB7}.Unicode Debug|Win32.Build.0 = Debug|Win32
		{5535F6B4-7AE6-4B66-8AEA-CC31C14D7AB7}.Unicode Debug|x64.ActiveCfg = Debug|x64
		{5535F6B4-7AE6-4B66-8AEA-CC31C14D7AB7}.Unicode Debug|x64.Build.0 = Debug|x64
		{5535F6B4-7AE6-4B66-8AEA-CC31C14D7AB7}.Unicode Release|Win32.ActiveCfg = Release|Win32
		{5535F6B4-7AE6-4B66-8AEA-CC31C14D7AB7}.Unicode Release|Win32.Build.0 = Release|Win32
		{5535F6B4-7AE6-4B66-8AEA-CC31C14D7AB7}.Unicode Release|x64.ActiveCfg = Release|x64
		{5535F6B4-7AE6-4B66-8AEA-CC31C14D7AB7}.Unicode Release|x64.Build.0 = Release|x64
		{15CBFEFF-7965-41F5-B4E2-21E8795C9159}.Debug_Dedicated|Win32.ActiveCfg = Debug|x64
		{15CBFEFF-7965-41F5-B4E2-21E8795C9159}.Debug_Dedicated|x64.ActiveCfg = Debug|x64
		{15CBFEFF-7965-41F5-B4E2-21E8795C9159}.Debug_Dedicated|x64.Build.0 = Debug|x64
		{15CBFEFF-7965-41F5-B4E2-21E8795C9159}.Debug|Win32.ActiveCfg = Debug|Win32
		{15CBFEFF-7965-41F5-B4E2-21E8795C9159}.Debug|Win32.Build.0 = Debug|Win32
		{15CBFEFF-7965-41F5-B4E2-21E8795C9159}.Debug|x64.ActiveCfg = Debug|x64
		{15CBFEFF-7965-41F5-B4E2-21E8795C9159}.Debug|x64.Build.0 = Debug|x64
		{15CBFEFF-7965-41F5-B4E2-21E8795C9159}.Mixed_Dedicated|Win32.ActiveCfg = Release|x64
		{15CBFEFF-7965-41F5-B4E2-21E8795C9159}.Mixed_Dedicated|x64.ActiveCfg = Release|x64
		{15CBFEFF-7965-41F5-B4E2-21E8795C9159}.Mixed_Dedicated|x64.Build.0 = Release|x64
		{15CBFEFF-7965-41F5-B4E2-21E8795C9159}.Mixed|Win32.ActiveCfg = Release|x64
		{15CBFEFF-7965-41F5-B4E2-21E8795C9159}.Mixed|x64.ActiveCfg = Release|x64
		{15CBFEFF-7965-41F5-B4E2-21E8795C9159}.Mixed|x64.Build.0 = Release|x64
		{15CBFEFF-7965-41F5-B4E2-21E8795C9159}.Release_Dedicated|Win32.ActiveCfg = Release|x64
		{15CBFEFF-7965-41F5-B4E2-21E8795C9159}.Release_Dedicated|x64.ActiveCfg = Release|x64
		{15CBFEFF-7965-41F5-B4E2-21E8795C9159}.Release_Dedicated|x64.Build.0 = Release|x64
		{15CBFEFF-7965-41F5-B4E2-21E8795C9159}.Release|Win32.ActiveCfg = Release|Win32
		{15CBFEFF-7965-41F5-B4E2-21E8795C9159}.Release|Win32.Build.0 = Release|Win32
		{15CBFEFF-7965-41F5-B4E2-21E8795C9159}.Release|x64.ActiveCfg = Release|x64
		{15CBFEFF-7965-41F5-B4E2-21E8795C9159}.Release|x64.Build.0 = Release|x64
		{15CBFEFF-7965-41F5-B4E2-21E8795C9159}.Test_Clang|Win32.ActiveCfg = Test_Clang|Win32
		{15CBFEFF-7965-41F5-B4E2-21E8795C9159}.Test_Clang|Win32.Build.0 = Test_Clang|Win32
		{15CBFEFF-7965-41F5-B4E2-21E8795C9159}.Test_Clang|x64.ActiveCfg = Test_Clang|x64
		{15CBFEFF-7965-41F5-B4E2-21E8795C9159}.Test_Clang|x64.Build.0 = Test_Clang|x64
		{15CBFEFF-7965-41F5-B4E2-21E8795C9159}.Unicode Debug|Win32.ActiveCfg = Debug|Win32
		{15CBFEFF-7965-41F5-B4E2-21E8795C9159}.Unicode Debug|Win32.Build.0 = Debug|Win32
		{15CBFEFF-7965-41F5-B4E2-21E8795C9159}.Unicode Debug|x64.ActiveCfg = Debug|x64
		{15CBFEFF-7965-41F5-B4E2-21E8795C9159}.Unicode Debug|x64.Build.0 = Debug|x64
		{15CBFEFF-7965-41F5-B4E2-21E8795C9159}.Unicode Release|Win32.ActiveCfg = Release|Win32
		{15CBFEFF-7965-41F5-B4E2-21E8795C9159}.Unicode Release|Win32.Build.0 = Release|Win32
		{15CBFEFF-7965-41F5-B4E2-21E8795C9159}.Unicode Release|x64.ActiveCfg = Release|x64
		{15CBFEFF-7965-41F5-B4E2-21E8795C9159}.Unicode Release|x64.Build.0 = Release|x64
		{3A214E06-B95E-4D61-A291-1F8DF2EC10FD}.Debug_Dedicated|Win32.ActiveCfg = Debug|x64
		{3A214E06-B95E-4D61-A291-1F8DF2EC10FD}.Debug_Dedicated|x64.ActiveCfg = Debug|x64
		{3A214E06-B95E-4D61-A291-1F8DF2EC10FD}.Debug_Dedicated|x64.Build.0 = Debug|x64
		{3A214E06-B95E-4D61-A291-1F8DF2EC10FD}.Debug|Win32.ActiveCfg = Debug|Win32
		{3A214E06-B95E-4D61-A291-1F8DF2EC10FD}.Debug|Win32.Build.0 = Debug|Win32
		{3A214E06-B95E-4D61-A291-1F8DF2EC10FD}.Debug|x64.ActiveCfg = Debug|x64
		{3A214E06-B95E-4D61-A291-1F8DF2EC10FD}.Debug|x64.Build.0 = Debug|x64
		{3A214E06-B95E-4D61-A291-1F8DF2EC10FD}.Mixed_Dedicated|Win32.ActiveCfg = Release|x64
		{3A214E06-B95E-4D61-A291-1F8DF2EC10FD}.Mixed_Dedicated|x64.ActiveCfg = Release|x64
		{3A214E06-B95E-4D61-A291-1F8DF2EC10FD}.Mixed_Dedicated|x64.Build.0 = Release|x64
		{3A214E06-B95E-4D61-A291-1F8DF2EC10FD}.Mixed|Win32.ActiveCfg = Release|x64
		{3A214E06-B95E-4D61-A291-1F8DF2EC10FD}.Mixed|x64.ActiveCfg = Release|x64
		{3A214E06-B95E-4D61-A291-1F8DF2EC10FD}.Mixed|x64.Build.0 = Release|x64
		{3A214E06-B95E-4D61-A291-1F8DF2EC10FD}.Release_Dedicated|Win32.ActiveCfg = Release|x64
		{3A214E06-B95E-4D61-A291-1F8DF2EC10FD}.Release_Dedicated|x64.ActiveCfg = Release|x64
		{3A214E06-B95E-4D61-A291-1F8DF2EC10FD}.Release_Dedicated|x64.Build.0 = Release|x64
		{3A214E06-B95E-4D61-A291-1F8DF2EC10FD}.Release|Win32.ActiveCfg = Release|Win32
		{3A214E06-B95E-4D61-A291-1F8DF2EC10FD}.Release|Win32.Build.0 = Release|Win32
		{3A214E06-B95E-4D61-A291-1F8DF2EC10FD}.Release|x64.ActiveCfg = Release|x64
		{3A214E06-B95E-4D61-A291-1F8DF2EC10FD}.Release|x64.Build.0 = Release|x64
		{3A214E06-B95E-4D61-A291-1F8DF2EC10FD}.Test_Clang|Win32.ActiveCfg = Test_Clang|Win32
		{3A214E06-B95E-4D61-A291-1F8DF2EC10FD}.Test_Clang|Win32.Build.0 = Test_Clang|Win32
		{3A214E06-B95E-4D61-A291-1F8DF2EC10FD}.Test_Clang|x64.ActiveCfg = Test_Clang|x64
		{3A214E06-B95E-4D61-A291-1F8DF2EC10FD}.Test_Clang|x64.Build.0 = Test_Clang|x64
		{3A214E06-B95E-4D61-A291-1F8DF2EC10FD}.Unicode Debug|Win32.ActiveCfg = Debug|Win32
		{3A214E06-B95E-4D61-A291-1F8DF2EC10FD}.Unicode Debug|Win32.Build.0 = Debug|Win32
		{3A214E06-B95E-4D61-A291-1F8DF2EC10FD}.Unicode Debug|x64.ActiveCfg = Debug|x64
		{3A214E06-B95E-4D61-A291-1F8DF2EC10FD}.Unicode Debug|x64.Build.0 = Debug|x64
		{3A214E06-B95E-4D61-A291-1F8DF2EC10FD}.Unicode Release|Win32.ActiveCfg = Release|Win32
		{3A214E06-B95E-4D61-A291-1F8DF2EC10FD}.Unicode Release|Win32.Build.0 = Release|Win32
		{3A214E06-B95E-4D61-A291-1F8DF2EC10FD}.Unicode Release|x64.ActiveCfg = Release|x64
		{3A214E06-B95E-4D61-A291-1F8DF2EC10FD}.Unicode Release|x64.Build.0 = Release|x64
		{CEBDE98B-A6AA-46E6-BC79-FAAF823DB9EC}.Debug_Dedicated|Win32.ActiveCfg = Debug|x64
		{CEBDE98B-A6AA-46E6-BC79-FAAF823DB9EC}.Debug_Dedicated|x64.ActiveCfg = Debug|x64
		{CEBDE98B-A6AA-46E6-BC79-FAAF823DB9EC}.Debug_Dedicated|x64.Build.0 = Debug|x64
		{CEBDE98B-A6AA-46E6-BC79-FAAF823DB9EC}.Debug|Win32.ActiveCfg = Debug|Win32
		{CEBDE98B-A6AA-46E6-BC79-FAAF823DB9EC}.Debug|Win32.Build.0 = Debug|Win32
		{CEBDE98B-A6AA-46E6-BC79-FAAF823DB9EC}.Debug|x64.ActiveCfg = Debug|x64
		{CEBDE98B-A6AA-46E6-BC79-FAAF823DB9EC}.Debug|x64.Build.0 = Debug|x64
		{CEBDE98B-A6AA-46E6-BC79-FAAF823DB9EC}.Mixed_Dedicated|Win32.ActiveCfg = Release|x64
		{CEBDE98B-A6AA-46E6-BC79-FAAF823DB9EC}.Mixed_Dedicated|x64.ActiveCfg = Release|x64
		{CEBDE98B-A6AA-46E6-BC79-FAAF823DB9EC}.Mixed_Dedicated|x64.Build.0 = Release|x64
		{CEBDE98B-A6AA-46E6-BC79-FAAF823DB9EC}.Mixed|Win32.ActiveCfg = Release|x64
		{CEBDE98B-A6AA-46E6-BC79-FAAF823DB9EC}.Mixed|x64.ActiveCfg = Release|x64
		{CEBDE98B-A6AA-46E6-BC79-FAAF823DB9EC}.Mixed|x64.Build.0 = Release|x64
		{CEBDE98B-A6AA-46E6-BC79-FAAF823DB9EC}.Release_Dedicated|Win32.ActiveCfg = Release|x64
		{CEBDE98B-A6AA-46E6-BC79-FAAF823DB9EC}.Release_Dedicated|x64.ActiveCfg = Release|x64
		{CEBDE98B-A6AA-46E6-BC79-FAAF823DB9EC}.Release_Dedicated|x64.Build.0 = Release|x64
		{CEBDE98B-A6AA-46E6-BC79-FAAF823DB9EC}.Release|Win32.ActiveCfg = Release|Win32
		{CEBDE98B-A6AA-46E6-BC79-FAAF823DB9EC}.Release|Win32.Build.0 = Release|Win32
		{CEBDE98B-A6AA-46E6-BC79-FAAF823DB9EC}.Release|x64.ActiveCfg = Release|x64
		{CEBDE98B-A6AA-46E6-BC79-FAAF823DB9EC}.Release|x64.Build.0 = Release|x64
		{CEBDE98B-A6AA-46E6-BC79-FAAF823DB9EC}.Test_Clang|Win32.ActiveCfg = Test_Clang|Win32
		{CEBDE98B-A6AA-46E6-BC79-FAAF823DB9EC}.Test_Clang|Win32.Build.0 = Test_Clang|Win32
		{CEBDE98B-A6AA-46E6-BC79-FAAF823DB9EC}.Test_Clang|x64.ActiveCfg = Test_Clang|x64
		{CEBDE98B-A6AA-46E6-BC79-FAAF823DB9EC}.Test_Clang|x64.Build.0 = Test_Clang|x64
		{CEBDE98B-A6AA-46E6-BC79-FAAF823DB9EC}.Unicode Debug|Win32.ActiveCfg = Debug|Win32
		{CEBDE98B-A6AA-46E6-BC79-FAAF823DB9EC}.Unicode Debug|Win32.Build.0 = Debug|Win32
		{CEBDE98B-A6AA-46E6-BC79-FAAF823DB9EC}.Unicode Debug|x64.ActiveCfg = Debug|x64
		{CEBDE98B-A6AA-46E6-BC79-FAAF823DB9EC}.Unicode Debug|x64.Build.0 = Debug|x64
		{CEBDE98B-A6AA-46E6-BC79-FAAF823DB9EC}.Unicode Release|Win32.ActiveCfg = Release|Win32
		{CEBDE98B-A6AA-46E6-BC79-FAAF823DB9EC}.Unicode Release|Win32.Build.0 = Release|Win32
		{CEBDE98B-A6AA-46E6-BC79-FAAF823DB9EC}.Unicode Release|x64.ActiveCfg = Release|x64
		{CEBDE98B-A6AA-46E6-BC79-FAAF823DB9EC}.Unicode Release|x64.Build.0 = Release|x64
		{653F3841-3F26-49B9-AFCF-091DB4B67031}.Debug_Dedicated|Win32.ActiveCfg = Debug|x64
		{653F3841-3F26-49B9-AFCF-091DB4B67031}.Debug_Dedicated|x64.ActiveCfg = Debug|x64
		{653F3841-3F26-49B9-AFCF-091DB4B67031}.Debug_Dedicated|x64.Build.0 = Debug|x64
		{653F3841-3F26-49B9-AFCF-091DB4B67031}.Debug|Win32.ActiveCfg = Debug|Win32
		{653F3841-3F26-49B9-AFCF-091DB4B67031}.Debug|Win32.Build.0 = Debug|Win32
		{653F3841-3F26-49B9-AFCF-091DB4B67031}.Debug|x64.ActiveCfg = Debug|x64
		{653F3841-3F26-49B9-AFCF-091DB4B67031}.Debug|x64.Build.0 = Debug|x64
		{653F3841-3F26-49B9-AFCF-091DB4B67031}.Mixed_Dedicated|Win32.ActiveCfg = Template|x64
		{653F3841-3F26-49B9-AFCF-091DB4B67031}.Mixed_Dedicated|x64.ActiveCfg = Template|x64
		{653F3841-3F26-49B9-AFCF-091DB4B67031}.Mixed_Dedicated|x64.Build.0 = Template|x64
		{653F3841-3F26-49B9-AFCF-091DB4B67031}.Mixed|Win32.ActiveCfg = Template|x64
		{653F3841-3F26-49B9-AFCF-091DB4B67031}.Mixed|x64.ActiveCfg = Template|x64
		{653F3841-3F26-49B9-AFCF-091DB4B67031}.Mixed|x64.Build.0 = Template|x64
		{653F3841-3F26-49B9-AFCF-091DB4B67031}.Release_Dedicated|Win32.ActiveCfg = Release_SSE|x64
		{653F3841-3F26-49B9-AFCF-091DB4B67031}.Release_Dedicated|x64.ActiveCfg = Release_SSE|x64
		{653F3841-3F26-49B9-AFCF-091DB4B67031}.Release_Dedicated|x64.Build.0 = Release_SSE|x64
		{653F3841-3F26-49B9-AFCF-091DB4B67031}.Release|Win32.ActiveCfg = Release|Win32
		{653F3841-3F26-49B9-AFCF-091DB4B67031}.Release|Win32.Build.0 = Release|Win32
		{653F3841-3F26-49B9-AFCF-091DB4B67031}.Release|x64.ActiveCfg = Release|x64
		{653F3841-3F26-49B9-AFCF-091DB4B67031}.Release|x64.Build.0 = Release|x64
		{653F3841-3F26-49B9-AFCF-091DB4B67031}.Test_Clang|Win32.ActiveCfg = Test_Clang|Win32
		{653F3841-3F26-49B9-AFCF-091DB4B67031}.Test_Clang|Win32.Build.0 = Test_Clang|Win32
		{653F3841-3F26-49B9-AFCF-091DB4B67031}.Test_Clang|x64.ActiveCfg = Test_Clang|x64
		{653F3841-3F26-49B9-AFCF-091DB4B67031}.Test_Clang|x64.Build.0 = Test_Clang|x64
		{653F3841-3F26-49B9-AFCF-091DB4B67031}.Unicode Debug|Win32.ActiveCfg = Debug|Win32
		{653F3841-3F26-49B9-AFCF-091DB4B67031}.Unicode Debug|Win32.Build.0 = Debug|Win32
		{653F3841-3F26-49B9-AFCF-091DB4B67031}.Unicode Debug|x64.ActiveCfg = Debug|x64
		{653F3841-3F26-49B9-AFCF-091DB4B67031}.Unicode Debug|x64.Build.0 = Debug|x64
		{653F3841-3F26-49B9-AFCF-091DB4B67031}.Unicode Release|Win32.ActiveCfg = Release|Win32
		{653F3841-3F26-49B9-AFCF-091DB4B67031}.Unicode Release|Win32.Build.0 = Release|Win32
		{653F3841-3F26-49B9-AFCF-091DB4B67031}.Unicode Release|x64.ActiveCfg = Release|x64
		{653F3841-3F26-49B9-AFCF-091DB4B67031}.Unicode Release|x64.Build.0 = Release|x64
		{6FDBCDB3-D190-486D-BDAC-3C4AC527DA3B}.Debug_Dedicated|Win32.ActiveCfg = Debug|Win32
		{6FDBCDB3-D190-486D-BDAC-3C4AC527DA3B}.Debug_Dedicated|Win32.Build.0 = Debug|Win32
		{6FDBCDB3-D190-486D-BDAC-3C4AC527DA3B}.Debug_Dedicated|x64.ActiveCfg = Debug|Win32
		{6FDBCDB3-D190-486D-BDAC-3C4AC527DA3B}.Debug|Win32.ActiveCfg = Release_for_Debug|Win32
		{6FDBCDB3-D190-486D-BDAC-3C4AC527DA3B}.Debug|Win32.Build.0 = Release_for_Debug|Win32
		{6FDBCDB3-D190-486D-BDAC-3C4AC527DA3B}.Debug|x64.ActiveCfg = Release_for_Debug|x64
		{6FDBCDB3-D190-486D-BDAC-3C4AC527DA3B}.Debug|x64.Build.0 = Release_for_Debug|x64
		{6FDBCDB3-D190-486D-BDAC-3C4AC527DA3B}.Mixed_Dedicated|Win32.ActiveCfg = Release|Win32
		{6FDBCDB3-D190-486D-BDAC-3C4AC527DA3B}.Mixed_Dedicated|Win32.Build.0 = Release|Win32
		{6FDBCDB3-D190-486D-BDAC-3C4AC527DA3B}.Mixed_Dedicated|x64.ActiveCfg = Release|Win32
		{6FDBCDB3-D190-486D-BDAC-3C4AC527DA3B}.Mixed|Win32.ActiveCfg = Release|Win32
		{6FDBCDB3-D190-486D-BDAC-3C4AC527DA3B}.Mixed|Win32.Build.0 = Release|Win32
		{6FDBCDB3-D190-486D-BDAC-3C4AC527DA3B}.Mixed|x64.ActiveCfg = Release|Win32
		{6FDBCDB3-D190-486D-BDAC-3C4AC527DA3B}.Release_Dedicated|Win32.ActiveCfg = Release|Win32
		{6FDBCDB3-D190-486D-BDAC-3C4AC527DA3B}.Release_Dedicated|Win32.Build.0 = Release|Win32
		{6FDBCDB3-D190-486D-BDAC-3C4AC527DA3B}.Release_Dedicated|x64.ActiveCfg = Release|Win32
		{6FDBCDB3-D190-486D-BDAC-3C4AC527DA3B}.Release|Win32.ActiveCfg = Release|Win32
		{6FDBCDB3-D190-486D-BDAC-3C4AC527DA3B}.Release|Win32.Build.0 = Release|Win32
		{6FDBCDB3-D190-486D-BDAC-3C4AC527DA3B}.Release|x64.ActiveCfg = Release|x64
		{6FDBCDB3-D190-486D-BDAC-3C4AC527DA3B}.Test_Clang|Win32.ActiveCfg = Test_Clang|Win32
		{6FDBCDB3-D190-486D-BDAC-3C4AC527DA3B}.Test_Clang|Win32.Build.0 = Test_Clang|Win32
		{6FDBCDB3-D190-486D-BDAC-3C4AC527DA3B}.Test_Clang|x64.ActiveCfg = Test_Clang|x64
		{6FDBCDB3-D190-486D-BDAC-3C4AC527DA3B}.Test_Clang|x64.Build.0 = Test_Clang|x64
		{6FDBCDB3-D190-486D-BDAC-3C4AC527DA3B}.Unicode Debug|Win32.ActiveCfg = Debug|Win32
		{6FDBCDB3-D190-486D-BDAC-3C4AC527DA3B}.Unicode Debug|Win32.Build.0 = Debug|Win32
		{6FDBCDB3-D190-486D-BDAC-3C4AC527DA3B}.Unicode Debug|x64.ActiveCfg = Debug|Win32
		{6FDBCDB3-D190-486D-BDAC-3C4AC527DA3B}.Unicode Release|Win32.ActiveCfg = Release|Win32
		{6FDBCDB3-D190-486D-BDAC-3C4AC527DA3B}.Unicode Release|Win32.Build.0 = Release|Win32
		{6FDBCDB3-D190-486D-BDAC-3C4AC527DA3B}.Unicode Release|x64.ActiveCfg = Release|Win32
		{DC6C7281-068A-4BEC-8A37-6613198345F5}.Debug_Dedicated|Win32.ActiveCfg = Debug|Win32
		{DC6C7281-068A-4BEC-8A37-6613198345F5}.Debug_Dedicated|Win32.Build.0 = Debug|Win32
		{DC6C7281-068A-4BEC-8A37-6613198345F5}.Debug_Dedicated|x64.ActiveCfg = Debug|x64
		{DC6C7281-068A-4BEC-8A37-6613198345F5}.Debug_Dedicated|x64.Build.0 = Debug|x64
		{DC6C7281-068A-4BEC-8A37-6613198345F5}.Debug|Win32.ActiveCfg = Debug|Win32
		{DC6C7281-068A-4BEC-8A37-6613198345F5}.Debug|Win32.Build.0 = Debug|Win32
		{DC6C7281-068A-4BEC-8A37-6613198345F5}.Debug|x64.ActiveCfg = Debug|x64
		{DC6C7281-068A-4BEC-8A37-6613198345F5}.Debug|x64.Build.0 = Debug|x64
		{DC6C7281-068A-4BEC-8A37-6613198345F5}.Mixed_Dedicated|Win32.ActiveCfg = Release|Win32
		{DC6C7281-068A-4BEC-8A37-6613198345F5}.Mixed_Dedicated|Win32.Build.0 = Release|Win32
		{DC6C7281-068A-4BEC-8A37-6613198345F5}.Mixed_Dedicated|x64.ActiveCfg = Release|x64
		{DC6C7281-068A-4BEC-8A37-6613198345F5}.Mixed_Dedicated|x64.Build.0 = Release|x64
		{DC6C7281-068A-4BEC-8A37-6613198345F5}.Mixed|Win32.ActiveCfg = Release|Win32
		{DC6C7281-068A-4BEC-8A37-6613198345F5}.Mixed|Win32.Build.0 = Release|Win32
		{DC6C7281-068A-4BEC-8A37-6613198345F5}.Mixed|x64.ActiveCfg = Release|x64
		{DC6C7281-068A-4BEC-8A37-6613198345F5}.Mixed|x64.Build.0 = Release|x64
		{DC6C7281-068A-4BEC-8A37-6613198345F5}.Release_Dedicated|Win32.ActiveCfg = Release|Win32
		{DC6C7281-068A-4BEC-8A37-6613198345F5}.Release_Dedicated|Win32.Build.0 = Release|Win32
		{DC6C7281-068A-4BEC-8A37-6613198345F5}.Release_Dedicated|x64.ActiveCfg = Release|x64
		{DC6C7281-068A-4BEC-8A37-6613198345F5}.Release_Dedicated|x64.Build.0 = Release|x64
		{DC6C7281-068A-4BEC-8A37-6613198345F5}.Release|Win32.ActiveCfg = Release|Win32
		{DC6C7281-068A-4BEC-8A37-6613198345F5}.Release|Win32.Build.0 = Release|Win32
		{DC6C7281-068A-4BEC-8A37-6613198345F5}.Release|x64.ActiveCfg = Release|x64
		{DC6C7281-068A-4BEC-8A37-6613198345F5}.Release|x64.Build.0 = Release|x64
		{DC6C7281-068A-4BEC-8A37-6613198345F5}.Test_Clang|Win32.ActiveCfg = Test_Clang|Win32
		{DC6C7281-068A-4BEC-8A37-6613198345F5}.Test_Clang|Win32.Build.0 = Test_Clang|Win32
		{DC6C7281-068A-4BEC-8A37-6613198345F5}.Test_Clang|x64.ActiveCfg = Test_Clang|x64
		{DC6C7281-068A-4BEC-8A37-6613198345F5}.Test_Clang|x64.Build.0 = Test_Clang|x64
		{DC6C7281-068A-4BEC-8A37-6613198345F5}.Unicode Debug|Win32.ActiveCfg = Debug|Win32
		{DC6C7281-068A-4BEC-8A37-6613198345F5}.Unicode Debug|Win32.Build.0 = Debug|Win32
		{DC6C7281-068A-4BEC-8A37-6613198345F5}.Unicode Debug|x64.ActiveCfg = Debug|x64
		{DC6C7281-068A-4BEC-8A37-6613198345F5}.Unicode Debug|x64.Build.0 = Debug|x64
		{DC6C7281-068A-4BEC-8A37-6613198345F5}.Unicode Release|Win32.ActiveCfg = Release|Win32
		{DC6C7281-068A-4BEC-8A37-6613198345F5}.Unicode Release|Win32.Build.0 = Release|Win32
		{DC6C7281-068A-4BEC-8A37-6613198345F5}.Unicode Release|x64.ActiveCfg = Release|x64
		{DC6C7281-068A-4BEC-8A37-6613198345F5}.Unicode Release|x64.Build.0 = Release|x64
		{9E16DFA7-61EB-45D9-97A1-B590A3C5FCA1}.Debug_Dedicated|Win32.ActiveCfg = Debug|Win32
		{9E16DFA7-61EB-45D9-97A1-B590A3C5FCA1}.Debug_Dedicated|Win32.Build.0 = Debug|Win32
		{9E16DFA7-61EB-45D9-97A1-B590A3C5FCA1}.Debug_Dedicated|x64.ActiveCfg = Debug|x64
		{9E16DFA7-61EB-45D9-97A1-B590A3C5FCA1}.Debug_Dedicated|x64.Build.0 = Debug|x64
		{9E16DFA7-61EB-45D9-97A1-B590A3C5FCA1}.Debug|Win32.ActiveCfg = Debug|Win32
		{9E16DFA7-61EB-45D9-97A1-B590A3C5FCA1}.Debug|Win32.Build.0 = Debug|Win32
		{9E16DFA7-61EB-45D9-97A1-B590A3C5FCA1}.Debug|x64.ActiveCfg = Debug|x64
		{9E16DFA7-61EB-45D9-97A1-B590A3C5FCA1}.Debug|x64.Build.0 = Debug|x64
		{9E16DFA7-61EB-45D9-97A1-B590A3C5FCA1}.Mixed_Dedicated|Win32.ActiveCfg = Release|Win32
		{9E16DFA7-61EB-45D9-97A1-B590A3C5FCA1}.Mixed_Dedicated|Win32.Build.0 = Release|Win32
		{9E16DFA7-61EB-45D9-97A1-B590A3C5FCA1}.Mixed_Dedicated|x64.ActiveCfg = Release|x64
		{9E16DFA7-61EB-45D9-97A1-B590A3C5FCA1}.Mixed_Dedicated|x64.Build.0 = Release|x64
		{9E16DFA7-61EB-45D9-97A1-B590A3C5FCA1}.Mixed|Win32.ActiveCfg = Release|Win32
		{9E16DFA7-61EB-45D9-97A1-B590A3C5FCA1}.Mixed|Win32.Build.0 = Release|Win32
		{9E16DFA7-61EB-45D9-97A1-B590A3C5FCA1}.Mixed|x64.ActiveCfg = Release|x64
		{9E16DFA7-61EB-45D9-97A1-B590A3C5FCA1}.Mixed|x64.Build.0 = Release|x64
		{9E16DFA7-61EB-45D9-97A1-B590A3C5FCA1}.Release_Dedicated|Win32.ActiveCfg = Release|Win32
		{9E16DFA7-61EB-45D9-97A1-B590A3C5FCA1}.Release_Dedicated|Win32.Build.0 = Release|Win32
		{9E16DFA7-61EB-45D9-97A1-B590A3C5FCA1}.Release_Dedicated|x64.ActiveCfg = Release|x64
		{9E16DFA7-61EB-45D9-97A1-B590A3C5FCA1}.Release_Dedicated|x64.Build.0 = Release|x64
		{9E16DFA7-61EB-45D9-97A1-B590A3C5FCA1}.Release|Win32.ActiveCfg = Release|Win32
		{9E16DFA7-61EB-45D9-97A1-B590A3C5FCA1}.Release|Win32.Build.0 = Release|Win32
		{9E16DFA7-61EB-45D9-97A1-B590A3C5FCA1}.Release|x64.ActiveCfg = Release|x64
		{9E16DFA7-61EB-45D9-97A1-B590A3C5FCA1}.Release|x64.Build.0 = Release|x64
		{9E16DFA7-61EB-45D9-97A1-B590A3C5FCA1}.Test_Clang|Win32.ActiveCfg = Test_Clang|Win32
		{9E16DFA7-61EB-45D9-97A1-B590A3C5FCA1}.Test_Clang|Win32.Build.0 = Test_Clang|Win32
		{9E16DFA7-61EB-45D9-97A1-B590A3C5FCA1}.Test_Clang|x64.ActiveCfg = Test_Clang|x64
		{9E16DFA7-61EB-45D9-97A1-B590A3C5FCA1}.Test_Clang|x64.Build.0 = Test_Clang|x64
		{9E16DFA7-61EB-45D9-97A1-B590A3C5FCA1}.Unicode Debug|Win32.ActiveCfg = Debug|Win32
		{9E16DFA7-61EB-45D9-97A1-B590A3C5FCA1}.Unicode Debug|Win32.Build.0 = Debug|Win32
		{9E16DFA7-61EB-45D9-97A1-B590A3C5FCA1}.Unicode Debug|x64.ActiveCfg = Debug|x64
		{9E16DFA7-61EB-45D9-97A1-B590A3C5FCA1}.Unicode Debug|x64.Build.0 = Debug|x64
		{9E16DFA7-61EB-45D9-97A1-B590A3C5FCA1}.Unicode Release|Win32.ActiveCfg = Release|Win32
		{9E16DFA7-61EB-45D9-97A1-B590A3C5FCA1}.Unicode Release|Win32.Build.0 = Release|Win32
		{9E16DFA7-61EB-45D9-97A1-B590A3C5FCA1}.Unicode Release|x64.ActiveCfg = Release|x64
		{9E16DFA7-61EB-45D9-97A1-B590A3C5FCA1}.Unicode Release|x64.Build.0 = Release|x64
		{DEA4F3E4-75DB-4C78-947C-40BB7FFD3B44}.Debug_Dedicated|Win32.ActiveCfg = Debug|Win32
		{DEA4F3E4-75DB-4C78-947C-40BB7FFD3B44}.Debug_Dedicated|Win32.Build.0 = Debug|Win32
		{DEA4F3E4-75DB-4C78-947C-40BB7FFD3B44}.Debug_Dedicated|x64.ActiveCfg = Debug|x64
		{DEA4F3E4-75DB-4C78-947C-40BB7FFD3B44}.Debug_Dedicated|x64.Build.0 = Debug|x64
		{DEA4F3E4-75DB-4C78-947C-40BB7FFD3B44}.Debug|Win32.ActiveCfg = Debug|Win32
		{DEA4F3E4-75DB-4C78-947C-40BB7FFD3B44}.Debug|Win32.Build.0 = Debug|Win32
		{DEA4F3E4-75DB-4C78-947C-40BB7FFD3B44}.Debug|x64.ActiveCfg = Debug|x64
		{DEA4F3E4-75DB-4C78-947C-40BB7FFD3B44}.Debug|x64.Build.0 = Debug|x64
		{DEA4F3E4-75DB-4C78-947C-40BB7FFD3B44}.Mixed_Dedicated|Win32.ActiveCfg = Release|Win32
		{DEA4F3E4-75DB-4C78-947C-40BB7FFD3B44}.Mixed_Dedicated|Win32.Build.0 = Release|Win32
		{DEA4F3E4-75DB-4C78-947C-40BB7FFD3B44}.Mixed_Dedicated|x64.ActiveCfg = Release|x64
		{DEA4F3E4-75DB-4C78-947C-40BB7FFD3B44}.Mixed_Dedicated|x64.Build.0 = Release|x64
		{DEA4F3E4-75DB-4C78-947C-40BB7FFD3B44}.Mixed|Win32.ActiveCfg = Release|Win32
		{DEA4F3E4-75DB-4C78-947C-40BB7FFD3B44}.Mixed|Win32.Build.0 = Release|Win32
		{DEA4F3E4-75DB-4C78-947C-40BB7FFD3B44}.Mixed|x64.ActiveCfg = Release|x64
		{DEA4F3E4-75DB-4C78-947C-40BB7FFD3B44}.Mixed|x64.Build.0 = Release|x64
		{DEA4F3E4-75DB-4C78-947C-40BB7FFD3B44}.Release_Dedicated|Win32.ActiveCfg = Release|Win32
		{DEA4F3E4-75DB-4C78-947C-40BB7FFD3B44}.Release_Dedicated|Win32.Build.0 = Release|Win32
		{DEA4F3E4-75DB-4C78-947C-40BB7FFD3B44}.Release_Dedicated|x64.ActiveCfg = Release|x64
		{DEA4F3E4-75DB-4C78-947C-40BB7FFD3B44}.Release_Dedicated|x64.Build.0 = Release|x64
		{DEA4F3E4-75DB-4C78-947C-40BB7FFD3B44}.Release|Win32.ActiveCfg = Release|Win32
		{DEA4F3E4-75DB-4C78-947C-40BB7FFD3B44}.Release|Win32.Build.0 = Release|Win32
		{DEA4F3E4-75DB-4C78-947C-40BB7FFD3B44}.Release|x64.ActiveCfg = Release|x64
		{DEA4F3E4-75DB-4C78-947C-40BB7FFD3B44}.Release|x64.Build.0 = Release|x64
		{DEA4F3E4-75DB-4C78-947C-40BB7FFD3B44}.Test_Clang|Win32.ActiveCfg = Test_Clang|Win32
		{DEA4F3E4-75DB-4C78-947C-40BB7FFD3B44}.Test_Clang|Win32.Build.0 = Test_Clang|Win32
		{DEA4F3E4-75DB-4C78-947C-40BB7FFD3B44}.Test_Clang|x64.ActiveCfg = Test_Clang|x64
		{DEA4F3E4-75DB-4C78-947C-40BB7FFD3B44}.Test_Clang|x64.Build.0 = Test_Clang|x64
		{DEA4F3E4-75DB-4C78-947C-40BB7FFD3B44}.Unicode Debug|Win32.ActiveCfg = Debug|Win32
		{DEA4F3E4-75DB-4C78-947C-40BB7FFD3B44}.Unicode Debug|Win32.Build.0 = Debug|Win32
		{DEA4F3E4-75DB-4C78-947C-40BB7FFD3B44}.Unicode Debug|x64.ActiveCfg = Debug|x64
		{DEA4F3E4-75DB-4C78-947C-40BB7FFD3B44}.Unicode Debug|x64.Build.0 = Debug|x64
		{DEA4F3E4-75DB-4C78-947C-40BB7FFD3B44}.Unicode Release|Win32.ActiveCfg = Release|Win32
		{DEA4F3E4-75DB-4C78-947C-40BB7FFD3B44}.Unicode Release|Win32.Build.0 = Release|Win32
		{DEA4F3E4-75DB-4C78-947C-40BB7FFD3B44}.Unicode Release|x64.ActiveCfg = Release|x64
		{DEA4F3E4-75DB-4C78-947C-40BB7FFD3B44}.Unicode Release|x64.Build.0 = Release|x64
		{ED1DE89D-A3E6-4FEE-ABC7-E1B2E3EB8013}.Debug_Dedicated|Win32.ActiveCfg = Debug|Win32
		{ED1DE89D-A3E6-4FEE-ABC7-E1B2E3EB8013}.Debug_Dedicated|Win32.Build.0 = Debug|Win32
		{ED1DE89D-A3E6-4FEE-ABC7-E1B2E3EB8013}.Debug_Dedicated|x64.ActiveCfg = Debug|x64
		{ED1DE89D-A3E6-4FEE-ABC7-E1B2E3EB8013}.Debug_Dedicated|x64.Build.0 = Debug|x64
		{ED1DE89D-A3E6-4FEE-ABC7-E1B2E3EB8013}.Debug|Win32.ActiveCfg = Debug|Win32
		{ED1DE89D-A3E6-4FEE-ABC7-E1B2E3EB8013}.Debug|Win32.Build.0 = Debug|Win32
		{ED1DE89D-A3E6-4FEE-ABC7-E1B2E3EB8013}.Debug|x64.ActiveCfg = Debug|x64
		{ED1DE89D-A3E6-4FEE-ABC7-E1B2E3EB8013}.Debug|x64.Build.0 = Debug|x64
		{ED1DE89D-A3E6-4FEE-ABC7-E1B2E3EB8013}.Mixed_Dedicated|Win32.ActiveCfg = Release|Win32
		{ED1DE89D-A3E6-4FEE-ABC7-E1B2E3EB8013}.Mixed_Dedicated|Win32.Build.0 = Release|Win32
		{ED1DE89D-A3E6-4FEE-ABC7-E1B2E3EB8013}.Mixed_Dedicated|x64.ActiveCfg = Release|x64
		{ED1DE89D-A3E6-4FEE-ABC7-E1B2E3EB8013}.Mixed_Dedicated|x64.Build.0 = Release|x64
		{ED1DE89D-A3E6-4FEE-ABC7-E1B2E3EB8013}.Mixed|Win32.ActiveCfg = Release|Win32
		{ED1DE89D-A3E6-4FEE-ABC7-E1B2E3EB8013}.Mixed|Win32.Build.0 = Release|Win32
		{ED1DE89D-A3E6-4FEE-ABC7-E1B2E3EB8013}.Mixed|x64.ActiveCfg = Release|x64
		{ED1DE89D-A3E6-4FEE-ABC7-E1B2E3EB8013}.Mixed|x64.Build.0 = Release|x64
		{ED1DE89D-A3E6-4FEE-ABC7-E1B2E3EB8013}.Release_Dedicated|Win32.ActiveCfg = Release|Win32
		{ED1DE89D-A3E6-4FEE-ABC7-E1B2E3EB8013}.Release_Dedicated|Win32.Build.0 = Release|Win32
		{ED1DE89D-A3E6-4FEE-ABC7-E1B2E3EB8013}.Release_Dedicated|x64.ActiveCfg = Release|x64
		{ED1DE89D-A3E6-4FEE-ABC7-E1B2E3EB8013}.Release_Dedicated|x64.Build.0 = Release|x64
		{ED1DE89D-A3E6-4FEE-ABC7-E1B2E3EB8013}.Release|Win32.ActiveCfg = Release|Win32
		{ED1DE89D-A3E6-4FEE-ABC7-E1B2E3EB8013}.Release|Win32.Build.0 = Release|Win32
		{ED1DE89D-A3E6-4FEE-ABC7-E1B2E3EB8013}.Release|x64.ActiveCfg = Release|x64
		{ED1DE89D-A3E6-4FEE-ABC7-E1B2E3EB8013}.Release|x64.Build.0 = Release|x64
		{ED1DE89D-A3E6-4FEE-ABC7-E1B2E3EB8013}.Test_Clang|Win32.ActiveCfg = Test_Clang|Win32
		{ED1DE89D-A3E6-4FEE-ABC7-E1B2E3EB8013}.Test_Clang|Win32.Build.0 = Test_Clang|Win32
		{ED1DE89D-A3E6-4FEE-ABC7-E1B2E3EB8013}.Test_Clang|x64.ActiveCfg = Test_Clang|x64
		{ED1DE89D-A3E6-4FEE-ABC7-E1B2E3EB8013}.Test_Clang|x64.Build.0 = Test_Clang|x64
		{ED1DE89D-A3E6-4FEE-ABC7-E1B2E3EB8013}.Unicode Debug|Win32.ActiveCfg = Debug|Win32
		{ED1DE89D-A3E6-4FEE-ABC7-E1B2E3EB8013}.Unicode Debug|Win32.Build.0 = Debug|Win32
		{ED1DE89D-A3E6-4FEE-ABC7-E1B2E3EB8013}.Unicode Debug|x64.ActiveCfg = Debug|x64
		{ED1DE89D-A3E6-4FEE-ABC7-E1B2E3EB8013}.Unicode Debug|x64.Build.0 = Debug|x64
		{ED1DE89D-A3E6-4FEE-ABC7-E1B2E3EB8013}.Unicode Release|Win32.ActiveCfg = Release|Win32
		{ED1DE89D-A3E6-4FEE-ABC7-E1B2E3EB8013}.Unicode Release|Win32.Build.0 = Release|Win32
		{ED1DE89D-A3E6-4FEE-ABC7-E1B2E3EB8013}.Unicode Release|x64.ActiveCfg = Release|x64
		{ED1DE89D-A3E6-4FEE-ABC7-E1B2E3EB8013}.Unicode Release|x64.Build.0 = Release|x64
		{94BE3D19-23D3-4D15-8B5C-41193885648C}.Debug_Dedicated|Win32.ActiveCfg = Debug|Win32
		{94BE3D19-23D3-4D15-8B5C-41193885648C}.Debug_Dedicated|Win32.Build.0 = Debug|Win32
		{94BE3D19-23D3-4D15-8B5C-41193885648C}.Debug_Dedicated|x64.ActiveCfg = Debug|x64
		{94BE3D19-23D3-4D15-8B5C-41193885648C}.Debug_Dedicated|x64.Build.0 = Debug|x64
		{94BE3D19-23D3-4D15-8B5C-41193885648C}.Debug|Win32.ActiveCfg = Debug|Win32
		{94BE3D19-23D3-4D15-8B5C-41193885648C}.Debug|Win32.Build.0 = Debug|Win32
		{94BE3D19-23D3-4D15-8B5C-41193885648C}.Debug|x64.ActiveCfg = Debug|x64
		{94BE3D19-23D3-4D15-8B5C-41193885648C}.Debug|x64.Build.0 = Debug|x64
		{94BE3D19-23D3-4D15-8B5C-41193885648C}.Mixed_Dedicated|Win32.ActiveCfg = Release|Win32
		{94BE3D19-23D3-4D15-8B5C-41193885648C}.Mixed_Dedicated|Win32.Build.0 = Release|Win32
		{94BE3D19-23D3-4D15-8B5C-41193885648C}.Mixed_Dedicated|x64.ActiveCfg = Release|x64
		{94BE3D19-23D3-4D15-8B5C-41193885648C}.Mixed_Dedicated|x64.Build.0 = Release|x64
		{94BE3D19-23D3-4D15-8B5C-41193885648C}.Mixed|Win32.ActiveCfg = Release|Win32
		{94BE3D19-23D3-4D15-8B5C-41193885648C}.Mixed|Win32.Build.0 = Release|Win32
		{94BE3D19-23D3-4D15-8B5C-41193885648C}.Mixed|x64.ActiveCfg = Release|x64
		{94BE3D19-23D3-4D15-8B5C-41193885648C}.Mixed|x64.Build.0 = Release|x64
		{94BE3D19-23D3-4D15-8B5C-41193885648C}.Release_Dedicated|Win32.ActiveCfg = Release|Win32
		{94BE3D19-23D3-4D15-8B5C-41193885648C}.Release_Dedicated|Win32.Build.0 = Release|Win32
		{94BE3D19-23D3-4D15-8B5C-41193885648C}.Release_Dedicated|x64.ActiveCfg = Release|x64
		{94BE3D19-23D3-4D15-8B5C-41193885648C}.Release_Dedicated|x64.Build.0 = Release|x64
		{94BE3D19-23D3-4D15-8B5C-41193885648C}.Release|Win32.ActiveCfg = Release|Win32
		{94BE3D19-23D3-4D15-8B5C-41193885648C}.Release|Win32.Build.0 = Release|Win32
		{94BE3D19-23D3-4D15-8B5C-41193885648C}.Release|x64.ActiveCfg = Release|x64
		{94BE3D19-23D3-4D15-8B5C-41193885648C}.Release|x64.Build.0 = Release|x64
		{94BE3D19-23D3-4D15-8B5C-41193885648C}.Test_Clang|Win32.ActiveCfg = Test_Clang|Win32
		{94BE3D19-23D3-4D15-8B5C-41193885648C}.Test_Clang|Win32.Build.0 = Test_Clang|Win32
		{94BE3D19-23D3-4D15-8B5C-41193885648C}.Test_Clang|x64.ActiveCfg = Test_Clang|x64
		{94BE3D19-23D3-4D15-8B5C-41193885648C}.Test_Clang|x64.Build.0 = Test_Clang|x64
		{94BE3D19-23D3-4D15-8B5C-41193885648C}.Unicode Debug|Win32.ActiveCfg = Debug|Win32
		{94BE3D19-23D3-4D15-8B5C-41193885648C}.Unicode Debug|Win32.Build.0 = Debug|Win32
		{94BE3D19-23D3-4D15-8B5C-41193885648C}.Unicode Debug|x64.ActiveCfg = Debug|x64
		{94BE3D19-23D3-4D15-8B5C-41193885648C}.Unicode Debug|x64.Build.0 = Debug|x64
		{94BE3D19-23D3-4D15-8B5C-41193885648C}.Unicode Release|Win32.ActiveCfg = Release|Win32
		{94BE3D19-23D3-4D15-8B5C-41193885648C}.Unicode Release|Win32.Build.0 = Release|Win32
		{94BE3D19-23D3-4D15-8B5C-41193885648C}.Unicode Release|x64.ActiveCfg = Release|x64
		{94BE3D19-23D3-4D15-8B5C-41193885648C}.Unicode Release|x64.Build.0 = Release|x64
	EndGlobalSection
	GlobalSection(SolutionProperties) = preSolution
		HideSolutionNode = FALSE
	EndGlobalSection
	GlobalSection(NestedProjects) = preSolution
		{2578C6D8-660D-48AE-9322-7422F8664F06} = {8505CB82-64C6-46C9-9430-999207282D56}
		{200652A6-043E-4634-8837-87983B3BD5E0} = {8505CB82-64C6-46C9-9430-999207282D56}
		{CCCA7859-EB86-493E-9B53-C4235F45B3C5} = {8505CB82-64C6-46C9-9430-999207282D56}
		{A0F7D1FB-59A7-4717-A7E4-96F37E91998E} = {8505CB82-64C6-46C9-9430-999207282D56}
		{A19B1DF2-82EC-4364-8BDF-85D13A1C89B5} = {8505CB82-64C6-46C9-9430-999207282D56}
		{57A498C9-A741-4DDF-8EFC-BFB9EB6B00E2} = {8505CB82-64C6-46C9-9430-999207282D56}
		{963BA4E5-499A-454D-B002-1D5ECE0527A6} = {8505CB82-64C6-46C9-9430-999207282D56}
		{94A1C366-3D19-48E6-8170-4ADC2E70DF98} = {8505CB82-64C6-46C9-9430-999207282D56}
		{1BF75FEB-87DD-486C-880B-227987D191C2} = {2BFC806B-CE92-4EA4-8FE8-5F2EA54BA348}
		{94A1C366-3D19-48E6-8170-4ADC2E70DF97} = {8505CB82-64C6-46C9-9430-999207282D56}
		{435BAC9A-B225-457D-AB40-C9BD0CC8838C} = {8505CB82-64C6-46C9-9430-999207282D56}
		{0899B131-F1D4-4876-9BA1-67AC821DB9E1} = {3FC858CB-4888-42FF-ABC5-82DAECB59C2C}
		{5535F6B4-7AE6-4B66-8AEA-CC31C14D7AB7} = {8505CB82-64C6-46C9-9430-999207282D56}
		{15CBFEFF-7965-41F5-B4E2-21E8795C9159} = {2BFC806B-CE92-4EA4-8FE8-5F2EA54BA348}
		{3A214E06-B95E-4D61-A291-1F8DF2EC10FD} = {2BFC806B-CE92-4EA4-8FE8-5F2EA54BA348}
		{CEBDE98B-A6AA-46E6-BC79-FAAF823DB9EC} = {2BFC806B-CE92-4EA4-8FE8-5F2EA54BA348}
		{653F3841-3F26-49B9-AFCF-091DB4B67031} = {2BFC806B-CE92-4EA4-8FE8-5F2EA54BA348}
		{6FDBCDB3-D190-486D-BDAC-3C4AC527DA3B} = {EF293583-AFED-4761-A72D-04F8BF122434}
		{DC6C7281-068A-4BEC-8A37-6613198345F5} = {E9EDAF7D-3677-43E4-B77F-7165E93937CA}
		{9E16DFA7-61EB-45D9-97A1-B590A3C5FCA1} = {E9EDAF7D-3677-43E4-B77F-7165E93937CA}
		{DEA4F3E4-75DB-4C78-947C-40BB7FFD3B44} = {E9EDAF7D-3677-43E4-B77F-7165E93937CA}
		{ED1DE89D-A3E6-4FEE-ABC7-E1B2E3EB8013} = {E9EDAF7D-3677-43E4-B77F-7165E93937CA}
		{E9EDAF7D-3677-43E4-B77F-7165E93937CA} = {2BFC806B-CE92-4EA4-8FE8-5F2EA54BA348}
		{94BE3D19-23D3-4D15-8B5C-41193885648C} = {EF293583-AFED-4761-A72D-04F8BF122434}
	EndGlobalSection
	GlobalSection(DPCodeReviewSolutionGUID) = preSolution
		DPCodeReviewSolutionGUID = {00000000-0000-0000-0000-000000000000}
	EndGlobalSection
EndGlobal
